PODS:
  - DKImagePickerController (3.4.2):
    - DKImagePickerController/Camera (= 3.4.2)
    - DKImagePickerController/ImageManager (= 3.4.2)
  - DKImagePickerController/Camera (3.4.2)
  - DKImagePickerController/ImageManager (3.4.2)

DEPENDENCIES:
  - DKImagePickerController

SPEC CHECKSUMS:
  DKImagePickerController: 8fc8a42120cb0c9b7982af04d47e0e5b25b5186f

PODFILE CHECKSUM: 7730e7b109fd460488ffb3aaa60839ce9e852022

COCOAPODS: 1.1.1
