// !$*UTF8*$!
{
	archiveVersion = 1;
	classes = {
	};
	objectVersion = 46;
	objects = {

/* Begin PBXBuildFile section */
		B282F4FA1DAB853600E6E847 /* AppDelegate.swift in Sources */ = {isa = PBXBuildFile; fileRef = B282F4F91DAB853600E6E847 /* AppDelegate.swift */; };
		B282F4FC1DAB853600E6E847 /* ViewController.swift in Sources */ = {isa = PBXBuildFile; fileRef = B282F4FB1DAB853600E6E847 /* ViewController.swift */; };
		B282F4FF1DAB853600E6E847 /* Main.storyboard in Resources */ = {isa = PBXBuildFile; fileRef = B282F4FD1DAB853600E6E847 /* Main.storyboard */; };
		B282F5011DAB853600E6E847 /* Assets.xcassets in Resources */ = {isa = PBXBuildFile; fileRef = B282F5001DAB853600E6E847 /* Assets.xcassets */; };
		B282F5041DAB853600E6E847 /* LaunchScreen.storyboard in Resources */ = {isa = PBXBuildFile; fileRef = B282F5021DAB853600E6E847 /* LaunchScreen.storyboard */; };
/* End PBXBuildFile section */

/* Begin PBXFileReference section */
		B282F4F61DAB853600E6E847 /* ViewBasics.app */ = {isa = PBXFileReference; explicitFileType = wrapper.application; includeInIndex = 0; path = ViewBasics.app; sourceTree = BUILT_PRODUCTS_DIR; };
		B282F4F91DAB853600E6E847 /* AppDelegate.swift */ = {isa = PBXFileReference; lastKnownFileType = sourcecode.swift; path = AppDelegate.swift; sourceTree = "<group>"; };
		B282F4FB1DAB853600E6E847 /* ViewController.swift */ = {isa = PBXFileReference; lastKnownFileType = sourcecode.swift; path = ViewController.swift; sourceTree = "<group>"; };
		B282F4FE1DAB853600E6E847 /* Base */ = {isa = PBXFileReference; lastKnownFileType = file.storyboard; name = Base; path = Base.lproj/Main.storyboard; sourceTree = "<group>"; };
		B282F5001DAB853600E6E847 /* Assets.xcassets */ = {isa = PBXFileReference; lastKnownFileType = folder.assetcatalog; path = Assets.xcassets; sourceTree = "<group>"; };
		B282F5031DAB853600E6E847 /* Base */ = {isa = PBXFileReference; lastKnownFileType = file.storyboard; name = Base; path = Base.lproj/LaunchScreen.storyboard; sourceTree = "<group>"; };
		B282F5051DAB853600E6E847 /* Info.plist */ = {isa = PBXFileReference; lastKnownFileType = text.plist.xml; path = Info.plist; sourceTree = "<group>"; };
/* End PBXFileReference section */

/* Begin PBXFrameworksBuildPhase section */
		B282F4F31DAB853600E6E847 /* Frameworks */ = {
			isa = PBXFrameworksBuildPhase;
			buildActionMask = 2147483647;
			files = (
			);
			runOnlyForDeploymentPostprocessing = 0;
		};
/* End PBXFrameworksBuildPhase section */

/* Begin PBXGroup section */
		B282F4ED1DAB853600E6E847 = {
			isa = PBXGroup;
			children = (
				B282F4F81DAB853600E6E847 /* ViewBasics */,
				B282F4F71DAB853600E6E847 /* Products */,
			);
			sourceTree = "<group>";
		};
		B282F4F71DAB853600E6E847 /* Products */ = {
			isa = PBXGroup;
			children = (
				B282F4F61DAB853600E6E847 /* ViewBasics.app */,
			);
			name = Products;
			sourceTree = "<group>";
		};
		B282F4F81DAB853600E6E847 /* ViewBasics */ = {
			isa = PBXGroup;
			children = (
				B282F4F91DAB853600E6E847 /* AppDelegate.swift */,
				B282F4FB1DAB853600E6E847 /* ViewController.swift */,
				B282F4FD1DAB853600E6E847 /* Main.storyboard */,
				B282F5001DAB853600E6E847 /* Assets.xcassets */,
				B282F5021DAB853600E6E847 /* LaunchScreen.storyboard */,
				B282F5051DAB853600E6E847 /* Info.plist */,
			);
			path = ViewBasics;
			sourceTree = "<group>";
		};
/* End PBXGroup section */

/* Begin PBXNativeTarget section */
		B282F4F51DAB853600E6E847 /* ViewBasics */ = {
			isa = PBXNativeTarget;
			buildConfigurationList = B282F5081DAB853600E6E847 /* Build configuration list for PBXNativeTarget "ViewBasics" */;
			buildPhases = (
				B282F4F21DAB853600E6E847 /* Sources */,
				B282F4F31DAB853600E6E847 /* Frameworks */,
				B282F4F41DAB853600E6E847 /* Resources */,
			);
			buildRules = (
			);
			dependencies = (
			);
			name = ViewBasics;
			productName = ViewBasics;
			productReference = B282F4F61DAB853600E6E847 /* ViewBasics.app */;
			productType = "com.apple.product-type.application";
		};
/* End PBXNativeTarget section */

/* Begin PBXProject section */
		B282F4EE1DAB853600E6E847 /* Project object */ = {
			isa = PBXProject;
			attributes = {
				LastSwiftUpdateCheck = 0800;
				LastUpgradeCheck = 0800;
				ORGANIZATIONNAME = xcoder.solutions;
				TargetAttributes = {
					B282F4F51DAB853600E6E847 = {
						CreatedOnToolsVersion = 8.0;
						ProvisioningStyle = Automatic;
					};
				};
			};
			buildConfigurationList = B282F4F11DAB853600E6E847 /* Build configuration list for PBXProject "ViewBasics" */;
			compatibilityVersion = "Xcode 3.2";
			developmentRegion = English;
			hasScannedForEncodings = 0;
			knownRegions = (
				en,
				Base,
			);
			mainGroup = B282F4ED1DAB853600E6E847;
			productRefGroup = B282F4F71DAB853600E6E847 /* Products */;
			projectDirPath = "";
			projectRoot = "";
			targets = (
				B282F4F51DAB853600E6E847 /* ViewBasics */,
			);
		};
/* End PBXProject section */

/* Begin PBXResourcesBuildPhase section */
		B282F4F41DAB853600E6E847 /* Resources */ = {
			isa = PBXResourcesBuildPhase;
			buildActionMask = 2147483647;
			files = (
				B282F5041DAB853600E6E847 /* LaunchScreen.storyboard in Resources */,
				B282F5011DAB853600E6E847 /* Assets.xcassets in Resources */,
				B282F4FF1DAB853600E6E847 /* Main.storyboard in Resources */,
			);
			runOnlyForDeploymentPostprocessing = 0;
		};
/* End PBXResourcesBuildPhase section */

/* Begin PBXSourcesBuildPhase section */
		B282F4F21DAB853600E6E847 /* Sources */ = {
			isa = PBXSourcesBuildPhase;
			buildActionMask = 2147483647;
			files = (
				B282F4FC1DAB853600E6E847 /* ViewController.swift in Sources */,
				B282F4FA1DAB853600E6E847 /* AppDelegate.swift in Sources */,
			);
			runOnlyForDeploymentPostprocessing = 0;
		};
/* End PBXSourcesBuildPhase section */

/* Begin PBXVariantGroup section */
		B282F4FD1DAB853600E6E847 /* Main.storyboard */ = {
			isa = PBXVariantGroup;
			children = (
				B282F4FE1DAB853600E6E847 /* Base */,
			);
			name = Main.storyboard;
			sourceTree = "<group>";
		};
		B282F5021DAB853600E6E847 /* LaunchScreen.storyboard */ = {
			isa = PBXVariantGroup;
			children = (
				B282F5031DAB853600E6E847 /* Base */,
			);
			name = LaunchScreen.storyboard;
			sourceTree = "<group>";
		};
/* End PBXVariantGroup section */

/* Begin XCBuildConfiguration section */
		B282F5061DAB853600E6E847 /* Debug */ = {
			isa = XCBuildConfiguration;
			buildSettings = {
				ALWAYS_SEARCH_USER_PATHS = NO;
				CLANG_ANALYZER_NONNULL = YES;
				CLANG_CXX_LANGUAGE_STANDARD = "gnu++0x";
				CLANG_CXX_LIBRARY = "libc++";
				CLANG_ENABLE_MODULES = YES;
				CLANG_ENABLE_OBJC_ARC = YES;
				CLANG_WARN_BOOL_CONVERSION = YES;
				CLANG_WARN_CONSTANT_CONVERSION = YES;
				CLANG_WARN_DIRECT_OBJC_ISA_USAGE = YES_ERROR;
				CLANG_WARN_DOCUMENTATION_COMMENTS = YES;
				CLANG_WARN_EMPTY_BODY = YES;
				CLANG_WARN_ENUM_CONVERSION = YES;
				CLANG_WARN_INFINITE_RECURSION = YES;
				CLANG_WARN_INT_CONVERSION = YES;
				CLANG_WARN_OBJC_ROOT_CLASS = YES_ERROR;
				CLANG_WARN_SUSPICIOUS_MOVES = YES;
				CLANG_WARN_UNREACHABLE_CODE = YES;
				CLANG_WARN__DUPLICATE_METHOD_MATCH = YES;
				"CODE_SIGN_IDENTITY[sdk=iphoneos*]" = "iPhone Developer";
				COPY_PHASE_STRIP = NO;
				DEBUG_INFORMATION_FORMAT = dwarf;
				ENABLE_STRICT_OBJC_MSGSEND = YES;
				ENABLE_TESTABILITY = YES;
				GCC_C_LANGUAGE_STANDARD = gnu99;
				GCC_DYNAMIC_NO_PIC = NO;
				GCC_NO_COMMON_BLOCKS = YES;
				GCC_OPTIMIZATION_LEVEL = 0;
				GCC_PREPROCESSOR_DEFINITIONS = (
					"DEBUG=1",
					"$(inherited)",
				);
				GCC_WARN_64_TO_32_BIT_CONVERSION = YES;
				GCC_WARN_ABOUT_RETURN_TYPE = YES_ERROR;
				GCC_WARN_UNDECLARED_SELECTOR = YES;
				GCC_WARN_UNINITIALIZED_AUTOS = YES_AGGRESSIVE;
				GCC_WARN_UNUSED_FUNCTION = YES;
				GCC_WARN_UNUSED_VARIABLE = YES;
				IPHONEOS_DEPLOYMENT_TARGET = 10.0;
				MTL_ENABLE_DEBUG_INFO = YES;
				ONLY_ACTIVE_ARCH = YES;
				SDKROOT = iphoneos;
				SWIFT_ACTIVE_COMPILATION_CONDITIONS = DEBUG;
				SWIFT_OPTIMIZATION_LEVEL = "-Onone";
			};
			name = Debug;
		};
		B282F5071DAB853600E6E847 /* Release */ = {
			isa = XCBuildConfiguration;
			buildSettings = {
				ALWAYS_SEARCH_USER_PATHS = NO;
				CLANG_ANALYZER_NONNULL = YES;
				CLANG_CXX_LANGUAGE_STANDARD = "gnu++0x";
				CLANG_CXX_LIBRARY = "libc++";
				CLANG_ENABLE_MODULES = YES;
				CLANG_ENABLE_OBJC_ARC = YES;
				CLANG_WARN_BOOL_CONVERSION = YES;
				CLANG_WARN_CONSTANT_CONVERSION = YES;
				CLANG_WARN_DIRECT_OBJC_ISA_USAGE = YES_ERROR;
				CLANG_WARN_DOCUMENTATION_COMMENTS = YES;
				CLANG_WARN_EMPTY_BODY = YES;
				CLANG_WARN_ENUM_CONVERSION = YES;
				CLANG_WARN_INFINITE_RECURSION = YES;
				CLANG_WARN_INT_CONVERSION = YES;
				CLANG_WARN_OBJC_ROOT_CLASS = YES_ERROR;
				CLANG_WARN_SUSPICIOUS_MOVES = YES;
				CLANG_WARN_UNREACHABLE_CODE = YES;
				CLANG_WARN__DUPLICATE_METHOD_MATCH = YES;
				"CODE_SIGN_IDENTITY[sdk=iphoneos*]" = "iPhone Developer";
				COPY_PHASE_STRIP = NO;
				DEBUG_INFORMATION_FORMAT = "dwarf-with-dsym";
				ENABLE_NS_ASSERTIONS = NO;
				ENABLE_STRICT_OBJC_MSGSEND = YES;
				GCC_C_LANGUAGE_STANDARD = gnu99;
				GCC_NO_COMMON_BLOCKS = YES;
				GCC_WARN_64_TO_32_BIT_CONVERSION = YES;
				GCC_WARN_ABOUT_RETURN_TYPE = YES_ERROR;
				GCC_WARN_UNDECLARED_SELECTOR = YES;
				GCC_WARN_UNINITIALIZED_AUTOS = YES_AGGRESSIVE;
				GCC_WARN_UNUSED_FUNCTION = YES;
				GCC_WARN_UNUSED_VARIABLE = YES;
				IPHONEOS_DEPLOYMENT_TARGET = 10.0;
				MTL_ENABLE_DEBUG_INFO = NO;
				SDKROOT = iphoneos;
				SWIFT_OPTIMIZATION_LEVEL = "-Owholemodule";
				VALIDATE_PRODUCT = YES;
			};
			name = Release;
		};
		B282F5091DAB853600E6E847 /* Debug */ = {
			isa = XCBuildConfiguration;
			buildSettings = {
				ASSETCATALOG_COMPILER_APPICON_NAME = AppIcon;
				INFOPLIST_FILE = ViewBasics/Info.plist;
				LD_RUNPATH_SEARCH_PATHS = "$(inherited) @executable_path/Frameworks";
				PRODUCT_BUNDLE_IDENTIFIER = xcoder.solutions.ViewBasics;
				PRODUCT_NAME = "$(TARGET_NAME)";
				SWIFT_VERSION = 3.0;
			};
			name = Debug;
		};
		B282F50A1DAB853600E6E847 /* Release */ = {
			isa = XCBuildConfiguration;
			buildSettings = {
				ASSETCATALOG_COMPILER_APPICON_NAME = AppIcon;
				INFOPLIST_FILE = ViewBasics/Info.plist;
				LD_RUNPATH_SEARCH_PATHS = "$(inherited) @executable_path/Frameworks";
				PRODUCT_BUNDLE_IDENTIFIER = xcoder.solutions.ViewBasics;
				PRODUCT_NAME = "$(TARGET_NAME)";
				SWIFT_VERSION = 3.0;
			};
			name = Release;
		};
/* End XCBuildConfiguration section */

/* Begin XCConfigurationList section */
		B282F4F11DAB853600E6E847 /* Build configuration list for PBXProject "ViewBasics" */ = {
			isa = XCConfigurationList;
			buildConfigurations = (
				B282F5061DAB853600E6E847 /* Debug */,
				B282F5071DAB853600E6E847 /* Release */,
			);
			defaultConfigurationIsVisible = 0;
			defaultConfigurationName = Release;
		};
		B282F5081DAB853600E6E847 /* Build configuration list for PBXNativeTarget "ViewBasics" */ = {
			isa = XCConfigurationList;
			buildConfigurations = (
				B282F5091DAB853600E6E847 /* Debug */,
				B282F50A1DAB853600E6E847 /* Release */,
			);
			defaultConfigurationIsVisible = 0;
		};
/* End XCConfigurationList section */
	};
	rootObject = B282F4EE1DAB853600E6E847 /* Project object */;
}
