// !$*UTF8*$!
{
	archiveVersion = 1;
	classes = {
	};
	objectVersion = 46;
	objects = {

/* Begin PBXBuildFile section */
		26AAEAB6A5C929E30859042B /* Pods_Pickers.framework in Frameworks */ = {isa = PBXBuildFile; fileRef = 1025D15F671DFFC8DD25861E /* Pods_Pickers.framework */; };
		B251B88A1DD9F86100878CA7 /* dog.wav in Resources */ = {isa = PBXBuildFile; fileRef = B251B8891DD9F86100878CA7 /* dog.wav */; };
		B251B88C1DD9F86600878CA7 /* beep.wav in Resources */ = {isa = PBXBuildFile; fileRef = B251B88B1DD9F86600878CA7 /* beep.wav */; };
		B280D9FC1DD9F1320023ABB9 /* AppDelegate.swift in Sources */ = {isa = PBXBuildFile; fileRef = B280D9FB1DD9F1320023ABB9 /* AppDelegate.swift */; };
		B280DA011DD9F1320023ABB9 /* Main.storyboard in Resources */ = {isa = PBXBuildFile; fileRef = B280D9FF1DD9F1320023ABB9 /* Main.storyboard */; };
		B280DA031DD9F1320023ABB9 /* Assets.xcassets in Resources */ = {isa = PBXBuildFile; fileRef = B280DA021DD9F1320023ABB9 /* Assets.xcassets */; };
		B280DA061DD9F1320023ABB9 /* LaunchScreen.storyboard in Resources */ = {isa = PBXBuildFile; fileRef = B280DA041DD9F1320023ABB9 /* LaunchScreen.storyboard */; };
		B280DA0E1DD9F19D0023ABB9 /* DatePickerViewController.swift in Sources */ = {isa = PBXBuildFile; fileRef = B280DA0D1DD9F19D0023ABB9 /* DatePickerViewController.swift */; };
/* End PBXBuildFile section */

/* Begin PBXFileReference section */
		1025D15F671DFFC8DD25861E /* Pods_Pickers.framework */ = {isa = PBXFileReference; explicitFileType = wrapper.framework; includeInIndex = 0; path = Pods_Pickers.framework; sourceTree = BUILT_PRODUCTS_DIR; };
		5007E47E78AA35838D53770F /* Pods-Pickers.debug.xcconfig */ = {isa = PBXFileReference; includeInIndex = 1; lastKnownFileType = text.xcconfig; name = "Pods-Pickers.debug.xcconfig"; path = "Pods/Target Support Files/Pods-Pickers/Pods-Pickers.debug.xcconfig"; sourceTree = "<group>"; };
		6522F1ACD2BA40C55D26451B /* Pods-Pickers.release.xcconfig */ = {isa = PBXFileReference; includeInIndex = 1; lastKnownFileType = text.xcconfig; name = "Pods-Pickers.release.xcconfig"; path = "Pods/Target Support Files/Pods-Pickers/Pods-Pickers.release.xcconfig"; sourceTree = "<group>"; };
		B251B8891DD9F86100878CA7 /* dog.wav */ = {isa = PBXFileReference; lastKnownFileType = audio.wav; path = dog.wav; sourceTree = "<group>"; };
		B251B88B1DD9F86600878CA7 /* beep.wav */ = {isa = PBXFileReference; lastKnownFileType = audio.wav; path = beep.wav; sourceTree = "<group>"; };
		B280D9F81DD9F1320023ABB9 /* Pickers.app */ = {isa = PBXFileReference; explicitFileType = wrapper.application; includeInIndex = 0; path = Pickers.app; sourceTree = BUILT_PRODUCTS_DIR; };
		B280D9FB1DD9F1320023ABB9 /* AppDelegate.swift */ = {isa = PBXFileReference; lastKnownFileType = sourcecode.swift; path = AppDelegate.swift; sourceTree = "<group>"; };
		B280DA001DD9F1320023ABB9 /* Base */ = {isa = PBXFileReference; lastKnownFileType = file.storyboard; name = Base; path = Base.lproj/Main.storyboard; sourceTree = "<group>"; };
		B280DA021DD9F1320023ABB9 /* Assets.xcassets */ = {isa = PBXFileReference; lastKnownFileType = folder.assetcatalog; path = Assets.xcassets; sourceTree = "<group>"; };
		B280DA051DD9F1320023ABB9 /* Base */ = {isa = PBXFileReference; lastKnownFileType = file.storyboard; name = Base; path = Base.lproj/LaunchScreen.storyboard; sourceTree = "<group>"; };
		B280DA071DD9F1320023ABB9 /* Info.plist */ = {isa = PBXFileReference; lastKnownFileType = text.plist.xml; path = Info.plist; sourceTree = "<group>"; };
		B280DA0D1DD9F19D0023ABB9 /* DatePickerViewController.swift */ = {isa = PBXFileReference; fileEncoding = 4; lastKnownFileType = sourcecode.swift; path = DatePickerViewController.swift; sourceTree = "<group>"; };
/* End PBXFileReference section */

/* Begin PBXFrameworksBuildPhase section */
		B280D9F51DD9F1320023ABB9 /* Frameworks */ = {
			isa = PBXFrameworksBuildPhase;
			buildActionMask = 2147483647;
			files = (
				26AAEAB6A5C929E30859042B /* Pods_Pickers.framework in Frameworks */,
			);
			runOnlyForDeploymentPostprocessing = 0;
		};
/* End PBXFrameworksBuildPhase section */

/* Begin PBXGroup section */
		B251B8881DD9F85500878CA7 /* sound effects */ = {
			isa = PBXGroup;
			children = (
				B251B88B1DD9F86600878CA7 /* beep.wav */,
				B251B8891DD9F86100878CA7 /* dog.wav */,
			);
			name = "sound effects";
			sourceTree = "<group>";
		};
		B280D9EF1DD9F1320023ABB9 = {
			isa = PBXGroup;
			children = (
				B280D9FA1DD9F1320023ABB9 /* Pickers */,
				B280D9F91DD9F1320023ABB9 /* Products */,
				FC9CA8320004E2684BB2F29A /* Pods */,
				D2BFEEE85B285A6371AAA3FE /* Frameworks */,
			);
			sourceTree = "<group>";
		};
		B280D9F91DD9F1320023ABB9 /* Products */ = {
			isa = PBXGroup;
			children = (
				B280D9F81DD9F1320023ABB9 /* Pickers.app */,
			);
			name = Products;
			sourceTree = "<group>";
		};
		B280D9FA1DD9F1320023ABB9 /* Pickers */ = {
			isa = PBXGroup;
			children = (
				B280D9FB1DD9F1320023ABB9 /* AppDelegate.swift */,
				B280DA0D1DD9F19D0023ABB9 /* DatePickerViewController.swift */,
				B280D9FF1DD9F1320023ABB9 /* Main.storyboard */,
				B280DA021DD9F1320023ABB9 /* Assets.xcassets */,
				B280DA041DD9F1320023ABB9 /* LaunchScreen.storyboard */,
				B280DA071DD9F1320023ABB9 /* Info.plist */,
				B251B8881DD9F85500878CA7 /* sound effects */,
			);
			path = Pickers;
			sourceTree = "<group>";
		};
		D2BFEEE85B285A6371AAA3FE /* Frameworks */ = {
			isa = PBXGroup;
			children = (
				1025D15F671DFFC8DD25861E /* Pods_Pickers.framework */,
			);
			name = Frameworks;
			sourceTree = "<group>";
		};
		FC9CA8320004E2684BB2F29A /* Pods */ = {
			isa = PBXGroup;
			children = (
				5007E47E78AA35838D53770F /* Pods-Pickers.debug.xcconfig */,
				6522F1ACD2BA40C55D26451B /* Pods-Pickers.release.xcconfig */,
			);
			name = Pods;
			sourceTree = "<group>";
		};
/* End PBXGroup section */

/* Begin PBXNativeTarget section */
		B280D9F71DD9F1320023ABB9 /* Pickers */ = {
			isa = PBXNativeTarget;
			buildConfigurationList = B280DA0A1DD9F1320023ABB9 /* Build configuration list for PBXNativeTarget "Pickers" */;
			buildPhases = (
				FD7C1ACC715060DA1E6A66C0 /* [CP] Check Pods Manifest.lock */,
				B280D9F41DD9F1320023ABB9 /* Sources */,
				B280D9F51DD9F1320023ABB9 /* Frameworks */,
				B280D9F61DD9F1320023ABB9 /* Resources */,
				1BD3C2388913B776CF765A38 /* [CP] Embed Pods Frameworks */,
				9E05EE5DEE7C6A1200155F37 /* [CP] Copy Pods Resources */,
			);
			buildRules = (
			);
			dependencies = (
			);
			name = Pickers;
			productName = Pickers;
			productReference = B280D9F81DD9F1320023ABB9 /* Pickers.app */;
			productType = "com.apple.product-type.application";
		};
/* End PBXNativeTarget section */

/* Begin PBXProject section */
		B280D9F01DD9F1320023ABB9 /* Project object */ = {
			isa = PBXProject;
			attributes = {
				LastSwiftUpdateCheck = 0810;
				LastUpgradeCheck = 0810;
				ORGANIZATIONNAME = xcoder.solutions;
				TargetAttributes = {
					B280D9F71DD9F1320023ABB9 = {
						CreatedOnToolsVersion = 8.1;
						ProvisioningStyle = Automatic;
					};
				};
			};
			buildConfigurationList = B280D9F31DD9F1320023ABB9 /* Build configuration list for PBXProject "Pickers" */;
			compatibilityVersion = "Xcode 3.2";
			developmentRegion = English;
			hasScannedForEncodings = 0;
			knownRegions = (
				en,
				Base,
			);
			mainGroup = B280D9EF1DD9F1320023ABB9;
			productRefGroup = B280D9F91DD9F1320023ABB9 /* Products */;
			projectDirPath = "";
			projectRoot = "";
			targets = (
				B280D9F71DD9F1320023ABB9 /* Pickers */,
			);
		};
/* End PBXProject section */

/* Begin PBXResourcesBuildPhase section */
		B280D9F61DD9F1320023ABB9 /* Resources */ = {
			isa = PBXResourcesBuildPhase;
			buildActionMask = 2147483647;
			files = (
				B251B88C1DD9F86600878CA7 /* beep.wav in Resources */,
				B280DA061DD9F1320023ABB9 /* LaunchScreen.storyboard in Resources */,
				B280DA031DD9F1320023ABB9 /* Assets.xcassets in Resources */,
				B280DA011DD9F1320023ABB9 /* Main.storyboard in Resources */,
				B251B88A1DD9F86100878CA7 /* dog.wav in Resources */,
			);
			runOnlyForDeploymentPostprocessing = 0;
		};
/* End PBXResourcesBuildPhase section */

/* Begin PBXShellScriptBuildPhase section */
		1BD3C2388913B776CF765A38 /* [CP] Embed Pods Frameworks */ = {
			isa = PBXShellScriptBuildPhase;
			buildActionMask = 2147483647;
			files = (
			);
			inputPaths = (
			);
			name = "[CP] Embed Pods Frameworks";
			outputPaths = (
			);
			runOnlyForDeploymentPostprocessing = 0;
			shellPath = /bin/sh;
			shellScript = "\"${SRCROOT}/Pods/Target Support Files/Pods-Pickers/Pods-Pickers-frameworks.sh\"\n";
			showEnvVarsInLog = 0;
		};
		9E05EE5DEE7C6A1200155F37 /* [CP] Copy Pods Resources */ = {
			isa = PBXShellScriptBuildPhase;
			buildActionMask = 2147483647;
			files = (
			);
			inputPaths = (
			);
			name = "[CP] Copy Pods Resources";
			outputPaths = (
			);
			runOnlyForDeploymentPostprocessing = 0;
			shellPath = /bin/sh;
			shellScript = "\"${SRCROOT}/Pods/Target Support Files/Pods-Pickers/Pods-Pickers-resources.sh\"\n";
			showEnvVarsInLog = 0;
		};
		FD7C1ACC715060DA1E6A66C0 /* [CP] Check Pods Manifest.lock */ = {
			isa = PBXShellScriptBuildPhase;
			buildActionMask = 2147483647;
			files = (
			);
			inputPaths = (
			);
			name = "[CP] Check Pods Manifest.lock";
			outputPaths = (
			);
			runOnlyForDeploymentPostprocessing = 0;
			shellPath = /bin/sh;
			shellScript = "diff \"${PODS_ROOT}/../Podfile.lock\" \"${PODS_ROOT}/Manifest.lock\" > /dev/null\nif [ $? != 0 ] ; then\n    # print error to STDERR\n    echo \"error: The sandbox is not in sync with the Podfile.lock. Run 'pod install' or update your CocoaPods installation.\" >&2\n    exit 1\nfi\n";
			showEnvVarsInLog = 0;
		};
/* End PBXShellScriptBuildPhase section */

/* Begin PBXSourcesBuildPhase section */
		B280D9F41DD9F1320023ABB9 /* Sources */ = {
			isa = PBXSourcesBuildPhase;
			buildActionMask = 2147483647;
			files = (
				B280DA0E1DD9F19D0023ABB9 /* DatePickerViewController.swift in Sources */,
				B280D9FC1DD9F1320023ABB9 /* AppDelegate.swift in Sources */,
			);
			runOnlyForDeploymentPostprocessing = 0;
		};
/* End PBXSourcesBuildPhase section */

/* Begin PBXVariantGroup section */
		B280D9FF1DD9F1320023ABB9 /* Main.storyboard */ = {
			isa = PBXVariantGroup;
			children = (
				B280DA001DD9F1320023ABB9 /* Base */,
			);
			name = Main.storyboard;
			sourceTree = "<group>";
		};
		B280DA041DD9F1320023ABB9 /* LaunchScreen.storyboard */ = {
			isa = PBXVariantGroup;
			children = (
				B280DA051DD9F1320023ABB9 /* Base */,
			);
			name = LaunchScreen.storyboard;
			sourceTree = "<group>";
		};
/* End PBXVariantGroup section */

/* Begin XCBuildConfiguration section */
		B280DA081DD9F1320023ABB9 /* Debug */ = {
			isa = XCBuildConfiguration;
			buildSettings = {
				ALWAYS_SEARCH_USER_PATHS = NO;
				CLANG_ANALYZER_NONNULL = YES;
				CLANG_CXX_LANGUAGE_STANDARD = "gnu++0x";
				CLANG_CXX_LIBRARY = "libc++";
				CLANG_ENABLE_MODULES = YES;
				CLANG_ENABLE_OBJC_ARC = YES;
				CLANG_WARN_BOOL_CONVERSION = YES;
				CLANG_WARN_CONSTANT_CONVERSION = YES;
				CLANG_WARN_DIRECT_OBJC_ISA_USAGE = YES_ERROR;
				CLANG_WARN_DOCUMENTATION_COMMENTS = YES;
				CLANG_WARN_EMPTY_BODY = YES;
				CLANG_WARN_ENUM_CONVERSION = YES;
				CLANG_WARN_INFINITE_RECURSION = YES;
				CLANG_WARN_INT_CONVERSION = YES;
				CLANG_WARN_OBJC_ROOT_CLASS = YES_ERROR;
				CLANG_WARN_SUSPICIOUS_MOVES = YES;
				CLANG_WARN_UNREACHABLE_CODE = YES;
				CLANG_WARN__DUPLICATE_METHOD_MATCH = YES;
				"CODE_SIGN_IDENTITY[sdk=iphoneos*]" = "iPhone Developer";
				COPY_PHASE_STRIP = NO;
				DEBUG_INFORMATION_FORMAT = dwarf;
				ENABLE_STRICT_OBJC_MSGSEND = YES;
				ENABLE_TESTABILITY = YES;
				GCC_C_LANGUAGE_STANDARD = gnu99;
				GCC_DYNAMIC_NO_PIC = NO;
				GCC_NO_COMMON_BLOCKS = YES;
				GCC_OPTIMIZATION_LEVEL = 0;
				GCC_PREPROCESSOR_DEFINITIONS = (
					"DEBUG=1",
					"$(inherited)",
				);
				GCC_WARN_64_TO_32_BIT_CONVERSION = YES;
				GCC_WARN_ABOUT_RETURN_TYPE = YES_ERROR;
				GCC_WARN_UNDECLARED_SELECTOR = YES;
				GCC_WARN_UNINITIALIZED_AUTOS = YES_AGGRESSIVE;
				GCC_WARN_UNUSED_FUNCTION = YES;
				GCC_WARN_UNUSED_VARIABLE = YES;
				IPHONEOS_DEPLOYMENT_TARGET = 10.1;
				MTL_ENABLE_DEBUG_INFO = YES;
				ONLY_ACTIVE_ARCH = YES;
				SDKROOT = iphoneos;
				SWIFT_ACTIVE_COMPILATION_CONDITIONS = DEBUG;
				SWIFT_OPTIMIZATION_LEVEL = "-Onone";
			};
			name = Debug;
		};
		B280DA091DD9F1320023ABB9 /* Release */ = {
			isa = XCBuildConfiguration;
			buildSettings = {
				ALWAYS_SEARCH_USER_PATHS = NO;
				CLANG_ANALYZER_NONNULL = YES;
				CLANG_CXX_LANGUAGE_STANDARD = "gnu++0x";
				CLANG_CXX_LIBRARY = "libc++";
				CLANG_ENABLE_MODULES = YES;
				CLANG_ENABLE_OBJC_ARC = YES;
				CLANG_WARN_BOOL_CONVERSION = YES;
				CLANG_WARN_CONSTANT_CONVERSION = YES;
				CLANG_WARN_DIRECT_OBJC_ISA_USAGE = YES_ERROR;
				CLANG_WARN_DOCUMENTATION_COMMENTS = YES;
				CLANG_WARN_EMPTY_BODY = YES;
				CLANG_WARN_ENUM_CONVERSION = YES;
				CLANG_WARN_INFINITE_RECURSION = YES;
				CLANG_WARN_INT_CONVERSION = YES;
				CLANG_WARN_OBJC_ROOT_CLASS = YES_ERROR;
				CLANG_WARN_SUSPICIOUS_MOVES = YES;
				CLANG_WARN_UNREACHABLE_CODE = YES;
				CLANG_WARN__DUPLICATE_METHOD_MATCH = YES;
				"CODE_SIGN_IDENTITY[sdk=iphoneos*]" = "iPhone Developer";
				COPY_PHASE_STRIP = NO;
				DEBUG_INFORMATION_FORMAT = "dwarf-with-dsym";
				ENABLE_NS_ASSERTIONS = NO;
				ENABLE_STRICT_OBJC_MSGSEND = YES;
				GCC_C_LANGUAGE_STANDARD = gnu99;
				GCC_NO_COMMON_BLOCKS = YES;
				GCC_WARN_64_TO_32_BIT_CONVERSION = YES;
				GCC_WARN_ABOUT_RETURN_TYPE = YES_ERROR;
				GCC_WARN_UNDECLARED_SELECTOR = YES;
				GCC_WARN_UNINITIALIZED_AUTOS = YES_AGGRESSIVE;
				GCC_WARN_UNUSED_FUNCTION = YES;
				GCC_WARN_UNUSED_VARIABLE = YES;
				IPHONEOS_DEPLOYMENT_TARGET = 10.1;
				MTL_ENABLE_DEBUG_INFO = NO;
				SDKROOT = iphoneos;
				SWIFT_OPTIMIZATION_LEVEL = "-Owholemodule";
				VALIDATE_PRODUCT = YES;
			};
			name = Release;
		};
		B280DA0B1DD9F1320023ABB9 /* Debug */ = {
			isa = XCBuildConfiguration;
			baseConfigurationReference = 5007E47E78AA35838D53770F /* Pods-Pickers.debug.xcconfig */;
			buildSettings = {
				ASSETCATALOG_COMPILER_APPICON_NAME = AppIcon;
				INFOPLIST_FILE = Pickers/Info.plist;
				LD_RUNPATH_SEARCH_PATHS = "$(inherited) @executable_path/Frameworks";
				PRODUCT_BUNDLE_IDENTIFIER = xcoder.solutions.Pickers;
				PRODUCT_NAME = "$(TARGET_NAME)";
				SWIFT_VERSION = 3.0;
			};
			name = Debug;
		};
		B280DA0C1DD9F1320023ABB9 /* Release */ = {
			isa = XCBuildConfiguration;
			baseConfigurationReference = 6522F1ACD2BA40C55D26451B /* Pods-Pickers.release.xcconfig */;
			buildSettings = {
				ASSETCATALOG_COMPILER_APPICON_NAME = AppIcon;
				INFOPLIST_FILE = Pickers/Info.plist;
				LD_RUNPATH_SEARCH_PATHS = "$(inherited) @executable_path/Frameworks";
				PRODUCT_BUNDLE_IDENTIFIER = xcoder.solutions.Pickers;
				PRODUCT_NAME = "$(TARGET_NAME)";
				SWIFT_VERSION = 3.0;
			};
			name = Release;
		};
/* End XCBuildConfiguration section */

/* Begin XCConfigurationList section */
		B280D9F31DD9F1320023ABB9 /* Build configuration list for PBXProject "Pickers" */ = {
			isa = XCConfigurationList;
			buildConfigurations = (
				B280DA081DD9F1320023ABB9 /* Debug */,
				B280DA091DD9F1320023ABB9 /* Release */,
			);
			defaultConfigurationIsVisible = 0;
			defaultConfigurationName = Release;
		};
		B280DA0A1DD9F1320023ABB9 /* Build configuration list for PBXNativeTarget "Pickers" */ = {
			isa = XCConfigurationList;
			buildConfigurations = (
				B280DA0B1DD9F1320023ABB9 /* Debug */,
				B280DA0C1DD9F1320023ABB9 /* Release */,
			);
			defaultConfigurationIsVisible = 0;
			defaultConfigurationName = Release;
		};
/* End XCConfigurationList section */
	};
	rootObject = B280D9F01DD9F1320023ABB9 /* Project object */;
}
