// !$*UTF8*$!
{
	archiveVersion = 1;
	classes = {
	};
	objectVersion = 46;
	objects = {

/* Begin PBXBuildFile section */
		B29DFCD81DF954580093380C /* MapViewController.swift in Sources */ = {isa = PBXBuildFile; fileRef = B29DFCD71DF954580093380C /* MapViewController.swift */; };
		B2C65B581DF5837500F5CF2A /* AppDelegate.swift in Sources */ = {isa = PBXBuildFile; fileRef = B2C65B571DF5837500F5CF2A /* AppDelegate.swift */; };
		B2C65B5D1DF5837500F5CF2A /* Main.storyboard in Resources */ = {isa = PBXBuildFile; fileRef = B2C65B5B1DF5837500F5CF2A /* Main.storyboard */; };
		B2C65B5F1DF5837600F5CF2A /* Assets.xcassets in Resources */ = {isa = PBXBuildFile; fileRef = B2C65B5E1DF5837600F5CF2A /* Assets.xcassets */; };
		B2C65B621DF5837600F5CF2A /* LaunchScreen.storyboard in Resources */ = {isa = PBXBuildFile; fileRef = B2C65B601DF5837600F5CF2A /* LaunchScreen.storyboard */; };
		B2C65B6B1DF5896800F5CF2A /* AppManager.swift in Sources */ = {isa = PBXBuildFile; fileRef = B2C65B6A1DF5896800F5CF2A /* AppManager.swift */; };
		B2C65B6E1DF591AD00F5CF2A /* MapKit.framework in Frameworks */ = {isa = PBXBuildFile; fileRef = B2C65B6D1DF591AD00F5CF2A /* MapKit.framework */; };
		B2C65B701DF5962D00F5CF2A /* Branch.swift in Sources */ = {isa = PBXBuildFile; fileRef = B2C65B6F1DF5962D00F5CF2A /* Branch.swift */; };
		B2C65B731DF59D3100F5CF2A /* BranchesViewController.swift in Sources */ = {isa = PBXBuildFile; fileRef = B2C65B721DF59D3100F5CF2A /* BranchesViewController.swift */; };
		B2C65B751DF5A8E700F5CF2A /* BranchDetailsViewController.swift in Sources */ = {isa = PBXBuildFile; fileRef = B2C65B741DF5A8E700F5CF2A /* BranchDetailsViewController.swift */; };
/* End PBXBuildFile section */

/* Begin PBXFileReference section */
		B29DFCD71DF954580093380C /* MapViewController.swift */ = {isa = PBXFileReference; fileEncoding = 4; lastKnownFileType = sourcecode.swift; path = MapViewController.swift; sourceTree = "<group>"; };
		B2C65B541DF5837500F5CF2A /* Location.app */ = {isa = PBXFileReference; explicitFileType = wrapper.application; includeInIndex = 0; path = Location.app; sourceTree = BUILT_PRODUCTS_DIR; };
		B2C65B571DF5837500F5CF2A /* AppDelegate.swift */ = {isa = PBXFileReference; lastKnownFileType = sourcecode.swift; path = AppDelegate.swift; sourceTree = "<group>"; };
		B2C65B5C1DF5837500F5CF2A /* Base */ = {isa = PBXFileReference; lastKnownFileType = file.storyboard; name = Base; path = Base.lproj/Main.storyboard; sourceTree = "<group>"; };
		B2C65B5E1DF5837600F5CF2A /* Assets.xcassets */ = {isa = PBXFileReference; lastKnownFileType = folder.assetcatalog; path = Assets.xcassets; sourceTree = "<group>"; };
		B2C65B611DF5837600F5CF2A /* Base */ = {isa = PBXFileReference; lastKnownFileType = file.storyboard; name = Base; path = Base.lproj/LaunchScreen.storyboard; sourceTree = "<group>"; };
		B2C65B631DF5837600F5CF2A /* Info.plist */ = {isa = PBXFileReference; lastKnownFileType = text.plist.xml; path = Info.plist; sourceTree = "<group>"; };
		B2C65B6A1DF5896800F5CF2A /* AppManager.swift */ = {isa = PBXFileReference; fileEncoding = 4; lastKnownFileType = sourcecode.swift; path = AppManager.swift; sourceTree = "<group>"; };
		B2C65B6D1DF591AD00F5CF2A /* MapKit.framework */ = {isa = PBXFileReference; lastKnownFileType = wrapper.framework; name = MapKit.framework; path = System/Library/Frameworks/MapKit.framework; sourceTree = SDKROOT; };
		B2C65B6F1DF5962D00F5CF2A /* Branch.swift */ = {isa = PBXFileReference; fileEncoding = 4; lastKnownFileType = sourcecode.swift; path = Branch.swift; sourceTree = "<group>"; };
		B2C65B721DF59D3100F5CF2A /* BranchesViewController.swift */ = {isa = PBXFileReference; fileEncoding = 4; lastKnownFileType = sourcecode.swift; path = BranchesViewController.swift; sourceTree = "<group>"; };
		B2C65B741DF5A8E700F5CF2A /* BranchDetailsViewController.swift */ = {isa = PBXFileReference; fileEncoding = 4; lastKnownFileType = sourcecode.swift; path = BranchDetailsViewController.swift; sourceTree = "<group>"; };
/* End PBXFileReference section */

/* Begin PBXFrameworksBuildPhase section */
		B2C65B511DF5837500F5CF2A /* Frameworks */ = {
			isa = PBXFrameworksBuildPhase;
			buildActionMask = 2147483647;
			files = (
				B2C65B6E1DF591AD00F5CF2A /* MapKit.framework in Frameworks */,
			);
			runOnlyForDeploymentPostprocessing = 0;
		};
/* End PBXFrameworksBuildPhase section */

/* Begin PBXGroup section */
		B2C65B4B1DF5837500F5CF2A = {
			isa = PBXGroup;
			children = (
				B2C65B561DF5837500F5CF2A /* Location */,
				B2C65B551DF5837500F5CF2A /* Products */,
				B2C65B6C1DF591AD00F5CF2A /* Frameworks */,
			);
			sourceTree = "<group>";
		};
		B2C65B551DF5837500F5CF2A /* Products */ = {
			isa = PBXGroup;
			children = (
				B2C65B541DF5837500F5CF2A /* Location.app */,
			);
			name = Products;
			sourceTree = "<group>";
		};
		B2C65B561DF5837500F5CF2A /* Location */ = {
			isa = PBXGroup;
			children = (
				B2C65B711DF59CFE00F5CF2A /* Controller */,
				B2C65B691DF5894F00F5CF2A /* Model */,
				B2C65B571DF5837500F5CF2A /* AppDelegate.swift */,
				B2C65B5B1DF5837500F5CF2A /* Main.storyboard */,
				B2C65B5E1DF5837600F5CF2A /* Assets.xcassets */,
				B2C65B601DF5837600F5CF2A /* LaunchScreen.storyboard */,
				B2C65B631DF5837600F5CF2A /* Info.plist */,
			);
			path = Location;
			sourceTree = "<group>";
		};
		B2C65B691DF5894F00F5CF2A /* Model */ = {
			isa = PBXGroup;
			children = (
				B2C65B6A1DF5896800F5CF2A /* AppManager.swift */,
				B2C65B6F1DF5962D00F5CF2A /* Branch.swift */,
			);
			name = Model;
			sourceTree = "<group>";
		};
		B2C65B6C1DF591AD00F5CF2A /* Frameworks */ = {
			isa = PBXGroup;
			children = (
				B2C65B6D1DF591AD00F5CF2A /* MapKit.framework */,
			);
			name = Frameworks;
			sourceTree = "<group>";
		};
		B2C65B711DF59CFE00F5CF2A /* Controller */ = {
			isa = PBXGroup;
			children = (
				B2C65B721DF59D3100F5CF2A /* BranchesViewController.swift */,
				B2C65B741DF5A8E700F5CF2A /* BranchDetailsViewController.swift */,
				B29DFCD71DF954580093380C /* MapViewController.swift */,
			);
			name = Controller;
			sourceTree = "<group>";
		};
/* End PBXGroup section */

/* Begin PBXNativeTarget section */
		B2C65B531DF5837500F5CF2A /* Location */ = {
			isa = PBXNativeTarget;
			buildConfigurationList = B2C65B661DF5837600F5CF2A /* Build configuration list for PBXNativeTarget "Location" */;
			buildPhases = (
				B2C65B501DF5837500F5CF2A /* Sources */,
				B2C65B511DF5837500F5CF2A /* Frameworks */,
				B2C65B521DF5837500F5CF2A /* Resources */,
			);
			buildRules = (
			);
			dependencies = (
			);
			name = Location;
			productName = Location;
			productReference = B2C65B541DF5837500F5CF2A /* Location.app */;
			productType = "com.apple.product-type.application";
		};
/* End PBXNativeTarget section */

/* Begin PBXProject section */
		B2C65B4C1DF5837500F5CF2A /* Project object */ = {
			isa = PBXProject;
			attributes = {
				LastSwiftUpdateCheck = 0810;
				LastUpgradeCheck = 0810;
				ORGANIZATIONNAME = xcoder.solutions;
				TargetAttributes = {
					B2C65B531DF5837500F5CF2A = {
						CreatedOnToolsVersion = 8.1;
						DevelopmentTeam = J7YZTH9Z4F;
						ProvisioningStyle = Automatic;
						SystemCapabilities = {
							com.apple.BackgroundModes = {
								enabled = 1;
							};
						};
					};
				};
			};
			buildConfigurationList = B2C65B4F1DF5837500F5CF2A /* Build configuration list for PBXProject "Location" */;
			compatibilityVersion = "Xcode 3.2";
			developmentRegion = English;
			hasScannedForEncodings = 0;
			knownRegions = (
				en,
				Base,
			);
			mainGroup = B2C65B4B1DF5837500F5CF2A;
			productRefGroup = B2C65B551DF5837500F5CF2A /* Products */;
			projectDirPath = "";
			projectRoot = "";
			targets = (
				B2C65B531DF5837500F5CF2A /* Location */,
			);
		};
/* End PBXProject section */

/* Begin PBXResourcesBuildPhase section */
		B2C65B521DF5837500F5CF2A /* Resources */ = {
			isa = PBXResourcesBuildPhase;
			buildActionMask = 2147483647;
			files = (
				B2C65B621DF5837600F5CF2A /* LaunchScreen.storyboard in Resources */,
				B2C65B5F1DF5837600F5CF2A /* Assets.xcassets in Resources */,
				B2C65B5D1DF5837500F5CF2A /* Main.storyboard in Resources */,
			);
			runOnlyForDeploymentPostprocessing = 0;
		};
/* End PBXResourcesBuildPhase section */

/* Begin PBXSourcesBuildPhase section */
		B2C65B501DF5837500F5CF2A /* Sources */ = {
			isa = PBXSourcesBuildPhase;
			buildActionMask = 2147483647;
			files = (
				B2C65B731DF59D3100F5CF2A /* BranchesViewController.swift in Sources */,
				B29DFCD81DF954580093380C /* MapViewController.swift in Sources */,
				B2C65B751DF5A8E700F5CF2A /* BranchDetailsViewController.swift in Sources */,
				B2C65B6B1DF5896800F5CF2A /* AppManager.swift in Sources */,
				B2C65B701DF5962D00F5CF2A /* Branch.swift in Sources */,
				B2C65B581DF5837500F5CF2A /* AppDelegate.swift in Sources */,
			);
			runOnlyForDeploymentPostprocessing = 0;
		};
/* End PBXSourcesBuildPhase section */

/* Begin PBXVariantGroup section */
		B2C65B5B1DF5837500F5CF2A /* Main.storyboard */ = {
			isa = PBXVariantGroup;
			children = (
				B2C65B5C1DF5837500F5CF2A /* Base */,
			);
			name = Main.storyboard;
			sourceTree = "<group>";
		};
		B2C65B601DF5837600F5CF2A /* LaunchScreen.storyboard */ = {
			isa = PBXVariantGroup;
			children = (
				B2C65B611DF5837600F5CF2A /* Base */,
			);
			name = LaunchScreen.storyboard;
			sourceTree = "<group>";
		};
/* End PBXVariantGroup section */

/* Begin XCBuildConfiguration section */
		B2C65B641DF5837600F5CF2A /* Debug */ = {
			isa = XCBuildConfiguration;
			buildSettings = {
				ALWAYS_SEARCH_USER_PATHS = NO;
				CLANG_ANALYZER_NONNULL = YES;
				CLANG_CXX_LANGUAGE_STANDARD = "gnu++0x";
				CLANG_CXX_LIBRARY = "libc++";
				CLANG_ENABLE_MODULES = YES;
				CLANG_ENABLE_OBJC_ARC = YES;
				CLANG_WARN_BOOL_CONVERSION = YES;
				CLANG_WARN_CONSTANT_CONVERSION = YES;
				CLANG_WARN_DIRECT_OBJC_ISA_USAGE = YES_ERROR;
				CLANG_WARN_DOCUMENTATION_COMMENTS = YES;
				CLANG_WARN_EMPTY_BODY = YES;
				CLANG_WARN_ENUM_CONVERSION = YES;
				CLANG_WARN_INFINITE_RECURSION = YES;
				CLANG_WARN_INT_CONVERSION = YES;
				CLANG_WARN_OBJC_ROOT_CLASS = YES_ERROR;
				CLANG_WARN_SUSPICIOUS_MOVES = YES;
				CLANG_WARN_UNREACHABLE_CODE = YES;
				CLANG_WARN__DUPLICATE_METHOD_MATCH = YES;
				"CODE_SIGN_IDENTITY[sdk=iphoneos*]" = "iPhone Developer";
				COPY_PHASE_STRIP = NO;
				DEBUG_INFORMATION_FORMAT = dwarf;
				ENABLE_STRICT_OBJC_MSGSEND = YES;
				ENABLE_TESTABILITY = YES;
				GCC_C_LANGUAGE_STANDARD = gnu99;
				GCC_DYNAMIC_NO_PIC = NO;
				GCC_NO_COMMON_BLOCKS = YES;
				GCC_OPTIMIZATION_LEVEL = 0;
				GCC_PREPROCESSOR_DEFINITIONS = (
					"DEBUG=1",
					"$(inherited)",
				);
				GCC_WARN_64_TO_32_BIT_CONVERSION = YES;
				GCC_WARN_ABOUT_RETURN_TYPE = YES_ERROR;
				GCC_WARN_UNDECLARED_SELECTOR = YES;
				GCC_WARN_UNINITIALIZED_AUTOS = YES_AGGRESSIVE;
				GCC_WARN_UNUSED_FUNCTION = YES;
				GCC_WARN_UNUSED_VARIABLE = YES;
				IPHONEOS_DEPLOYMENT_TARGET = 10.1;
				MTL_ENABLE_DEBUG_INFO = YES;
				ONLY_ACTIVE_ARCH = YES;
				SDKROOT = iphoneos;
				SWIFT_ACTIVE_COMPILATION_CONDITIONS = DEBUG;
				SWIFT_OPTIMIZATION_LEVEL = "-Onone";
			};
			name = Debug;
		};
		B2C65B651DF5837600F5CF2A /* Release */ = {
			isa = XCBuildConfiguration;
			buildSettings = {
				ALWAYS_SEARCH_USER_PATHS = NO;
				CLANG_ANALYZER_NONNULL = YES;
				CLANG_CXX_LANGUAGE_STANDARD = "gnu++0x";
				CLANG_CXX_LIBRARY = "libc++";
				CLANG_ENABLE_MODULES = YES;
				CLANG_ENABLE_OBJC_ARC = YES;
				CLANG_WARN_BOOL_CONVERSION = YES;
				CLANG_WARN_CONSTANT_CONVERSION = YES;
				CLANG_WARN_DIRECT_OBJC_ISA_USAGE = YES_ERROR;
				CLANG_WARN_DOCUMENTATION_COMMENTS = YES;
				CLANG_WARN_EMPTY_BODY = YES;
				CLANG_WARN_ENUM_CONVERSION = YES;
				CLANG_WARN_INFINITE_RECURSION = YES;
				CLANG_WARN_INT_CONVERSION = YES;
				CLANG_WARN_OBJC_ROOT_CLASS = YES_ERROR;
				CLANG_WARN_SUSPICIOUS_MOVES = YES;
				CLANG_WARN_UNREACHABLE_CODE = YES;
				CLANG_WARN__DUPLICATE_METHOD_MATCH = YES;
				"CODE_SIGN_IDENTITY[sdk=iphoneos*]" = "iPhone Developer";
				COPY_PHASE_STRIP = NO;
				DEBUG_INFORMATION_FORMAT = "dwarf-with-dsym";
				ENABLE_NS_ASSERTIONS = NO;
				ENABLE_STRICT_OBJC_MSGSEND = YES;
				GCC_C_LANGUAGE_STANDARD = gnu99;
				GCC_NO_COMMON_BLOCKS = YES;
				GCC_WARN_64_TO_32_BIT_CONVERSION = YES;
				GCC_WARN_ABOUT_RETURN_TYPE = YES_ERROR;
				GCC_WARN_UNDECLARED_SELECTOR = YES;
				GCC_WARN_UNINITIALIZED_AUTOS = YES_AGGRESSIVE;
				GCC_WARN_UNUSED_FUNCTION = YES;
				GCC_WARN_UNUSED_VARIABLE = YES;
				IPHONEOS_DEPLOYMENT_TARGET = 10.1;
				MTL_ENABLE_DEBUG_INFO = NO;
				SDKROOT = iphoneos;
				SWIFT_OPTIMIZATION_LEVEL = "-Owholemodule";
				VALIDATE_PRODUCT = YES;
			};
			name = Release;
		};
		B2C65B671DF5837600F5CF2A /* Debug */ = {
			isa = XCBuildConfiguration;
			buildSettings = {
				ASSETCATALOG_COMPILER_APPICON_NAME = AppIcon;
				DEVELOPMENT_TEAM = J7YZTH9Z4F;
				INFOPLIST_FILE = Location/Info.plist;
				LD_RUNPATH_SEARCH_PATHS = "$(inherited) @executable_path/Frameworks";
				PRODUCT_BUNDLE_IDENTIFIER = xcoder.solutions.Location;
				PRODUCT_NAME = "$(TARGET_NAME)";
				SWIFT_VERSION = 3.0;
			};
			name = Debug;
		};
		B2C65B681DF5837600F5CF2A /* Release */ = {
			isa = XCBuildConfiguration;
			buildSettings = {
				ASSETCATALOG_COMPILER_APPICON_NAME = AppIcon;
				DEVELOPMENT_TEAM = J7YZTH9Z4F;
				INFOPLIST_FILE = Location/Info.plist;
				LD_RUNPATH_SEARCH_PATHS = "$(inherited) @executable_path/Frameworks";
				PRODUCT_BUNDLE_IDENTIFIER = xcoder.solutions.Location;
				PRODUCT_NAME = "$(TARGET_NAME)";
				SWIFT_VERSION = 3.0;
			};
			name = Release;
		};
/* End XCBuildConfiguration section */

/* Begin XCConfigurationList section */
		B2C65B4F1DF5837500F5CF2A /* Build configuration list for PBXProject "Location" */ = {
			isa = XCConfigurationList;
			buildConfigurations = (
				B2C65B641DF5837600F5CF2A /* Debug */,
				B2C65B651DF5837600F5CF2A /* Release */,
			);
			defaultConfigurationIsVisible = 0;
			defaultConfigurationName = Release;
		};
		B2C65B661DF5837600F5CF2A /* Build configuration list for PBXNativeTarget "Location" */ = {
			isa = XCConfigurationList;
			buildConfigurations = (
				B2C65B671DF5837600F5CF2A /* Debug */,
				B2C65B681DF5837600F5CF2A /* Release */,
			);
			defaultConfigurationIsVisible = 0;
			defaultConfigurationName = Release;
		};
/* End XCConfigurationList section */
	};
	rootObject = B2C65B4C1DF5837500F5CF2A /* Project object */;
}
