// !$*UTF8*$!
{
	archiveVersion = 1;
	classes = {
	};
	objectVersion = 46;
	objects = {

/* Begin PBXBuildFile section */
		B2977DE21DC725160040D735 /* AppDelegate.swift in Sources */ = {isa = PBXBuildFile; fileRef = B2977DE11DC725160040D735 /* AppDelegate.swift */; };
		B2977DE41DC725160040D735 /* ViewController.swift in Sources */ = {isa = PBXBuildFile; fileRef = B2977DE31DC725160040D735 /* ViewController.swift */; };
		B2977DE71DC725160040D735 /* Main.storyboard in Resources */ = {isa = PBXBuildFile; fileRef = B2977DE51DC725160040D735 /* Main.storyboard */; };
		B2977DE91DC725160040D735 /* Assets.xcassets in Resources */ = {isa = PBXBuildFile; fileRef = B2977DE81DC725160040D735 /* Assets.xcassets */; };
		B2977DEC1DC725160040D735 /* LaunchScreen.storyboard in Resources */ = {isa = PBXBuildFile; fileRef = B2977DEA1DC725160040D735 /* LaunchScreen.storyboard */; };
		B2977DF41DC72B5A0040D735 /* Utils.swift in Sources */ = {isa = PBXBuildFile; fileRef = B2977DF31DC72B5A0040D735 /* Utils.swift */; };
/* End PBXBuildFile section */

/* Begin PBXFileReference section */
		B2977DDE1DC725160040D735 /* AttribitedText.app */ = {isa = PBXFileReference; explicitFileType = wrapper.application; includeInIndex = 0; path = AttribitedText.app; sourceTree = BUILT_PRODUCTS_DIR; };
		B2977DE11DC725160040D735 /* AppDelegate.swift */ = {isa = PBXFileReference; lastKnownFileType = sourcecode.swift; path = AppDelegate.swift; sourceTree = "<group>"; };
		B2977DE31DC725160040D735 /* ViewController.swift */ = {isa = PBXFileReference; lastKnownFileType = sourcecode.swift; path = ViewController.swift; sourceTree = "<group>"; };
		B2977DE61DC725160040D735 /* Base */ = {isa = PBXFileReference; lastKnownFileType = file.storyboard; name = Base; path = Base.lproj/Main.storyboard; sourceTree = "<group>"; };
		B2977DE81DC725160040D735 /* Assets.xcassets */ = {isa = PBXFileReference; lastKnownFileType = folder.assetcatalog; path = Assets.xcassets; sourceTree = "<group>"; };
		B2977DEB1DC725160040D735 /* Base */ = {isa = PBXFileReference; lastKnownFileType = file.storyboard; name = Base; path = Base.lproj/LaunchScreen.storyboard; sourceTree = "<group>"; };
		B2977DED1DC725160040D735 /* Info.plist */ = {isa = PBXFileReference; lastKnownFileType = text.plist.xml; path = Info.plist; sourceTree = "<group>"; };
		B2977DF31DC72B5A0040D735 /* Utils.swift */ = {isa = PBXFileReference; fileEncoding = 4; lastKnownFileType = sourcecode.swift; path = Utils.swift; sourceTree = "<group>"; };
/* End PBXFileReference section */

/* Begin PBXFrameworksBuildPhase section */
		B2977DDB1DC725160040D735 /* Frameworks */ = {
			isa = PBXFrameworksBuildPhase;
			buildActionMask = 2147483647;
			files = (
			);
			runOnlyForDeploymentPostprocessing = 0;
		};
/* End PBXFrameworksBuildPhase section */

/* Begin PBXGroup section */
		B2977DD51DC725160040D735 = {
			isa = PBXGroup;
			children = (
				B2977DE01DC725160040D735 /* AttribitedText */,
				B2977DDF1DC725160040D735 /* Products */,
			);
			sourceTree = "<group>";
		};
		B2977DDF1DC725160040D735 /* Products */ = {
			isa = PBXGroup;
			children = (
				B2977DDE1DC725160040D735 /* AttribitedText.app */,
			);
			name = Products;
			sourceTree = "<group>";
		};
		B2977DE01DC725160040D735 /* AttribitedText */ = {
			isa = PBXGroup;
			children = (
				B2977DE11DC725160040D735 /* AppDelegate.swift */,
				B2977DE31DC725160040D735 /* ViewController.swift */,
				B2977DF31DC72B5A0040D735 /* Utils.swift */,
				B2977DE51DC725160040D735 /* Main.storyboard */,
				B2977DE81DC725160040D735 /* Assets.xcassets */,
				B2977DEA1DC725160040D735 /* LaunchScreen.storyboard */,
				B2977DED1DC725160040D735 /* Info.plist */,
			);
			path = AttribitedText;
			sourceTree = "<group>";
		};
/* End PBXGroup section */

/* Begin PBXNativeTarget section */
		B2977DDD1DC725160040D735 /* AttribitedText */ = {
			isa = PBXNativeTarget;
			buildConfigurationList = B2977DF01DC725160040D735 /* Build configuration list for PBXNativeTarget "AttribitedText" */;
			buildPhases = (
				B2977DDA1DC725160040D735 /* Sources */,
				B2977DDB1DC725160040D735 /* Frameworks */,
				B2977DDC1DC725160040D735 /* Resources */,
			);
			buildRules = (
			);
			dependencies = (
			);
			name = AttribitedText;
			productName = AttribitedText;
			productReference = B2977DDE1DC725160040D735 /* AttribitedText.app */;
			productType = "com.apple.product-type.application";
		};
/* End PBXNativeTarget section */

/* Begin PBXProject section */
		B2977DD61DC725160040D735 /* Project object */ = {
			isa = PBXProject;
			attributes = {
				LastSwiftUpdateCheck = 0800;
				LastUpgradeCheck = 0800;
				ORGANIZATIONNAME = xcoder.solutions;
				TargetAttributes = {
					B2977DDD1DC725160040D735 = {
						CreatedOnToolsVersion = 8.0;
						ProvisioningStyle = Automatic;
					};
				};
			};
			buildConfigurationList = B2977DD91DC725160040D735 /* Build configuration list for PBXProject "AttribitedText" */;
			compatibilityVersion = "Xcode 3.2";
			developmentRegion = English;
			hasScannedForEncodings = 0;
			knownRegions = (
				en,
				Base,
			);
			mainGroup = B2977DD51DC725160040D735;
			productRefGroup = B2977DDF1DC725160040D735 /* Products */;
			projectDirPath = "";
			projectRoot = "";
			targets = (
				B2977DDD1DC725160040D735 /* AttribitedText */,
			);
		};
/* End PBXProject section */

/* Begin PBXResourcesBuildPhase section */
		B2977DDC1DC725160040D735 /* Resources */ = {
			isa = PBXResourcesBuildPhase;
			buildActionMask = 2147483647;
			files = (
				B2977DEC1DC725160040D735 /* LaunchScreen.storyboard in Resources */,
				B2977DE91DC725160040D735 /* Assets.xcassets in Resources */,
				B2977DE71DC725160040D735 /* Main.storyboard in Resources */,
			);
			runOnlyForDeploymentPostprocessing = 0;
		};
/* End PBXResourcesBuildPhase section */

/* Begin PBXSourcesBuildPhase section */
		B2977DDA1DC725160040D735 /* Sources */ = {
			isa = PBXSourcesBuildPhase;
			buildActionMask = 2147483647;
			files = (
				B2977DE41DC725160040D735 /* ViewController.swift in Sources */,
				B2977DF41DC72B5A0040D735 /* Utils.swift in Sources */,
				B2977DE21DC725160040D735 /* AppDelegate.swift in Sources */,
			);
			runOnlyForDeploymentPostprocessing = 0;
		};
/* End PBXSourcesBuildPhase section */

/* Begin PBXVariantGroup section */
		B2977DE51DC725160040D735 /* Main.storyboard */ = {
			isa = PBXVariantGroup;
			children = (
				B2977DE61DC725160040D735 /* Base */,
			);
			name = Main.storyboard;
			sourceTree = "<group>";
		};
		B2977DEA1DC725160040D735 /* LaunchScreen.storyboard */ = {
			isa = PBXVariantGroup;
			children = (
				B2977DEB1DC725160040D735 /* Base */,
			);
			name = LaunchScreen.storyboard;
			sourceTree = "<group>";
		};
/* End PBXVariantGroup section */

/* Begin XCBuildConfiguration section */
		B2977DEE1DC725160040D735 /* Debug */ = {
			isa = XCBuildConfiguration;
			buildSettings = {
				ALWAYS_SEARCH_USER_PATHS = NO;
				CLANG_ANALYZER_NONNULL = YES;
				CLANG_CXX_LANGUAGE_STANDARD = "gnu++0x";
				CLANG_CXX_LIBRARY = "libc++";
				CLANG_ENABLE_MODULES = YES;
				CLANG_ENABLE_OBJC_ARC = YES;
				CLANG_WARN_BOOL_CONVERSION = YES;
				CLANG_WARN_CONSTANT_CONVERSION = YES;
				CLANG_WARN_DIRECT_OBJC_ISA_USAGE = YES_ERROR;
				CLANG_WARN_DOCUMENTATION_COMMENTS = YES;
				CLANG_WARN_EMPTY_BODY = YES;
				CLANG_WARN_ENUM_CONVERSION = YES;
				CLANG_WARN_INFINITE_RECURSION = YES;
				CLANG_WARN_INT_CONVERSION = YES;
				CLANG_WARN_OBJC_ROOT_CLASS = YES_ERROR;
				CLANG_WARN_SUSPICIOUS_MOVES = YES;
				CLANG_WARN_UNREACHABLE_CODE = YES;
				CLANG_WARN__DUPLICATE_METHOD_MATCH = YES;
				"CODE_SIGN_IDENTITY[sdk=iphoneos*]" = "iPhone Developer";
				COPY_PHASE_STRIP = NO;
				DEBUG_INFORMATION_FORMAT = dwarf;
				ENABLE_STRICT_OBJC_MSGSEND = YES;
				ENABLE_TESTABILITY = YES;
				GCC_C_LANGUAGE_STANDARD = gnu99;
				GCC_DYNAMIC_NO_PIC = NO;
				GCC_NO_COMMON_BLOCKS = YES;
				GCC_OPTIMIZATION_LEVEL = 0;
				GCC_PREPROCESSOR_DEFINITIONS = (
					"DEBUG=1",
					"$(inherited)",
				);
				GCC_WARN_64_TO_32_BIT_CONVERSION = YES;
				GCC_WARN_ABOUT_RETURN_TYPE = YES_ERROR;
				GCC_WARN_UNDECLARED_SELECTOR = YES;
				GCC_WARN_UNINITIALIZED_AUTOS = YES_AGGRESSIVE;
				GCC_WARN_UNUSED_FUNCTION = YES;
				GCC_WARN_UNUSED_VARIABLE = YES;
				IPHONEOS_DEPLOYMENT_TARGET = 10.0;
				MTL_ENABLE_DEBUG_INFO = YES;
				ONLY_ACTIVE_ARCH = YES;
				SDKROOT = iphoneos;
				SWIFT_ACTIVE_COMPILATION_CONDITIONS = DEBUG;
				SWIFT_OPTIMIZATION_LEVEL = "-Onone";
			};
			name = Debug;
		};
		B2977DEF1DC725160040D735 /* Release */ = {
			isa = XCBuildConfiguration;
			buildSettings = {
				ALWAYS_SEARCH_USER_PATHS = NO;
				CLANG_ANALYZER_NONNULL = YES;
				CLANG_CXX_LANGUAGE_STANDARD = "gnu++0x";
				CLANG_CXX_LIBRARY = "libc++";
				CLANG_ENABLE_MODULES = YES;
				CLANG_ENABLE_OBJC_ARC = YES;
				CLANG_WARN_BOOL_CONVERSION = YES;
				CLANG_WARN_CONSTANT_CONVERSION = YES;
				CLANG_WARN_DIRECT_OBJC_ISA_USAGE = YES_ERROR;
				CLANG_WARN_DOCUMENTATION_COMMENTS = YES;
				CLANG_WARN_EMPTY_BODY = YES;
				CLANG_WARN_ENUM_CONVERSION = YES;
				CLANG_WARN_INFINITE_RECURSION = YES;
				CLANG_WARN_INT_CONVERSION = YES;
				CLANG_WARN_OBJC_ROOT_CLASS = YES_ERROR;
				CLANG_WARN_SUSPICIOUS_MOVES = YES;
				CLANG_WARN_UNREACHABLE_CODE = YES;
				CLANG_WARN__DUPLICATE_METHOD_MATCH = YES;
				"CODE_SIGN_IDENTITY[sdk=iphoneos*]" = "iPhone Developer";
				COPY_PHASE_STRIP = NO;
				DEBUG_INFORMATION_FORMAT = "dwarf-with-dsym";
				ENABLE_NS_ASSERTIONS = NO;
				ENABLE_STRICT_OBJC_MSGSEND = YES;
				GCC_C_LANGUAGE_STANDARD = gnu99;
				GCC_NO_COMMON_BLOCKS = YES;
				GCC_WARN_64_TO_32_BIT_CONVERSION = YES;
				GCC_WARN_ABOUT_RETURN_TYPE = YES_ERROR;
				GCC_WARN_UNDECLARED_SELECTOR = YES;
				GCC_WARN_UNINITIALIZED_AUTOS = YES_AGGRESSIVE;
				GCC_WARN_UNUSED_FUNCTION = YES;
				GCC_WARN_UNUSED_VARIABLE = YES;
				IPHONEOS_DEPLOYMENT_TARGET = 10.0;
				MTL_ENABLE_DEBUG_INFO = NO;
				SDKROOT = iphoneos;
				SWIFT_OPTIMIZATION_LEVEL = "-Owholemodule";
				VALIDATE_PRODUCT = YES;
			};
			name = Release;
		};
		B2977DF11DC725160040D735 /* Debug */ = {
			isa = XCBuildConfiguration;
			buildSettings = {
				ASSETCATALOG_COMPILER_APPICON_NAME = AppIcon;
				INFOPLIST_FILE = AttribitedText/Info.plist;
				LD_RUNPATH_SEARCH_PATHS = "$(inherited) @executable_path/Frameworks";
				PRODUCT_BUNDLE_IDENTIFIER = xcoder.solutions.AttribitedText;
				PRODUCT_NAME = "$(TARGET_NAME)";
				SWIFT_VERSION = 3.0;
			};
			name = Debug;
		};
		B2977DF21DC725160040D735 /* Release */ = {
			isa = XCBuildConfiguration;
			buildSettings = {
				ASSETCATALOG_COMPILER_APPICON_NAME = AppIcon;
				INFOPLIST_FILE = AttribitedText/Info.plist;
				LD_RUNPATH_SEARCH_PATHS = "$(inherited) @executable_path/Frameworks";
				PRODUCT_BUNDLE_IDENTIFIER = xcoder.solutions.AttribitedText;
				PRODUCT_NAME = "$(TARGET_NAME)";
				SWIFT_VERSION = 3.0;
			};
			name = Release;
		};
/* End XCBuildConfiguration section */

/* Begin XCConfigurationList section */
		B2977DD91DC725160040D735 /* Build configuration list for PBXProject "AttribitedText" */ = {
			isa = XCConfigurationList;
			buildConfigurations = (
				B2977DEE1DC725160040D735 /* Debug */,
				B2977DEF1DC725160040D735 /* Release */,
			);
			defaultConfigurationIsVisible = 0;
			defaultConfigurationName = Release;
		};
		B2977DF01DC725160040D735 /* Build configuration list for PBXNativeTarget "AttribitedText" */ = {
			isa = XCConfigurationList;
			buildConfigurations = (
				B2977DF11DC725160040D735 /* Debug */,
				B2977DF21DC725160040D735 /* Release */,
			);
			defaultConfigurationIsVisible = 0;
		};
/* End XCConfigurationList section */
	};
	rootObject = B2977DD61DC725160040D735 /* Project object */;
}
