// !$*UTF8*$!
{
	archiveVersion = 1;
	classes = {
	};
	objectVersion = 46;
	objects = {

/* Begin PBXBuildFile section */
		B2C328D31DC1EBF80039A028 /* AppDelegate.swift in Sources */ = {isa = PBXBuildFile; fileRef = B2C328D21DC1EBF80039A028 /* AppDelegate.swift */; };
		B2C328D51DC1EBF80039A028 /* ViewController.swift in Sources */ = {isa = PBXBuildFile; fileRef = B2C328D41DC1EBF80039A028 /* ViewController.swift */; };
		B2C328D81DC1EBF80039A028 /* Main.storyboard in Resources */ = {isa = PBXBuildFile; fileRef = B2C328D61DC1EBF80039A028 /* Main.storyboard */; };
		B2C328DA1DC1EBF80039A028 /* Assets.xcassets in Resources */ = {isa = PBXBuildFile; fileRef = B2C328D91DC1EBF80039A028 /* Assets.xcassets */; };
		B2C328DD1DC1EBF80039A028 /* LaunchScreen.storyboard in Resources */ = {isa = PBXBuildFile; fileRef = B2C328DB1DC1EBF80039A028 /* LaunchScreen.storyboard */; };
		B2C328E51DC1EECC0039A028 /* DrawView.swift in Sources */ = {isa = PBXBuildFile; fileRef = B2C328E41DC1EECC0039A028 /* DrawView.swift */; };
		B2C328EA1DC20E780039A028 /* ColorBezierPath.swift in Sources */ = {isa = PBXBuildFile; fileRef = B2C328E91DC20E780039A028 /* ColorBezierPath.swift */; };
		B2C328EC1DC2192D0039A028 /* Utils.swift in Sources */ = {isa = PBXBuildFile; fileRef = B2C328EB1DC2192D0039A028 /* Utils.swift */; };
/* End PBXBuildFile section */

/* Begin PBXFileReference section */
		B2C328CF1DC1EBF80039A028 /* DrawSomething.app */ = {isa = PBXFileReference; explicitFileType = wrapper.application; includeInIndex = 0; path = DrawSomething.app; sourceTree = BUILT_PRODUCTS_DIR; };
		B2C328D21DC1EBF80039A028 /* AppDelegate.swift */ = {isa = PBXFileReference; lastKnownFileType = sourcecode.swift; path = AppDelegate.swift; sourceTree = "<group>"; };
		B2C328D41DC1EBF80039A028 /* ViewController.swift */ = {isa = PBXFileReference; lastKnownFileType = sourcecode.swift; path = ViewController.swift; sourceTree = "<group>"; };
		B2C328D71DC1EBF80039A028 /* Base */ = {isa = PBXFileReference; lastKnownFileType = file.storyboard; name = Base; path = Base.lproj/Main.storyboard; sourceTree = "<group>"; };
		B2C328D91DC1EBF80039A028 /* Assets.xcassets */ = {isa = PBXFileReference; lastKnownFileType = folder.assetcatalog; path = Assets.xcassets; sourceTree = "<group>"; };
		B2C328DC1DC1EBF80039A028 /* Base */ = {isa = PBXFileReference; lastKnownFileType = file.storyboard; name = Base; path = Base.lproj/LaunchScreen.storyboard; sourceTree = "<group>"; };
		B2C328DE1DC1EBF80039A028 /* Info.plist */ = {isa = PBXFileReference; lastKnownFileType = text.plist.xml; path = Info.plist; sourceTree = "<group>"; };
		B2C328E41DC1EECC0039A028 /* DrawView.swift */ = {isa = PBXFileReference; fileEncoding = 4; lastKnownFileType = sourcecode.swift; path = DrawView.swift; sourceTree = "<group>"; };
		B2C328E91DC20E780039A028 /* ColorBezierPath.swift */ = {isa = PBXFileReference; fileEncoding = 4; lastKnownFileType = sourcecode.swift; path = ColorBezierPath.swift; sourceTree = "<group>"; };
		B2C328EB1DC2192D0039A028 /* Utils.swift */ = {isa = PBXFileReference; fileEncoding = 4; lastKnownFileType = sourcecode.swift; path = Utils.swift; sourceTree = "<group>"; };
/* End PBXFileReference section */

/* Begin PBXFrameworksBuildPhase section */
		B2C328CC1DC1EBF80039A028 /* Frameworks */ = {
			isa = PBXFrameworksBuildPhase;
			buildActionMask = 2147483647;
			files = (
			);
			runOnlyForDeploymentPostprocessing = 0;
		};
/* End PBXFrameworksBuildPhase section */

/* Begin PBXGroup section */
		B2C328C61DC1EBF80039A028 = {
			isa = PBXGroup;
			children = (
				B2C328D11DC1EBF80039A028 /* DrawSomething */,
				B2C328D01DC1EBF80039A028 /* Products */,
			);
			sourceTree = "<group>";
		};
		B2C328D01DC1EBF80039A028 /* Products */ = {
			isa = PBXGroup;
			children = (
				B2C328CF1DC1EBF80039A028 /* DrawSomething.app */,
			);
			name = Products;
			sourceTree = "<group>";
		};
		B2C328D11DC1EBF80039A028 /* DrawSomething */ = {
			isa = PBXGroup;
			children = (
				B2C328D21DC1EBF80039A028 /* AppDelegate.swift */,
				B2C328D41DC1EBF80039A028 /* ViewController.swift */,
				B2C328E61DC1EED10039A028 /* view */,
				B2C328D61DC1EBF80039A028 /* Main.storyboard */,
				B2C328D91DC1EBF80039A028 /* Assets.xcassets */,
				B2C328DB1DC1EBF80039A028 /* LaunchScreen.storyboard */,
				B2C328DE1DC1EBF80039A028 /* Info.plist */,
			);
			path = DrawSomething;
			sourceTree = "<group>";
		};
		B2C328E61DC1EED10039A028 /* view */ = {
			isa = PBXGroup;
			children = (
				B2C328E41DC1EECC0039A028 /* DrawView.swift */,
				B2C328E91DC20E780039A028 /* ColorBezierPath.swift */,
				B2C328EB1DC2192D0039A028 /* Utils.swift */,
			);
			name = view;
			sourceTree = "<group>";
		};
/* End PBXGroup section */

/* Begin PBXNativeTarget section */
		B2C328CE1DC1EBF80039A028 /* DrawSomething */ = {
			isa = PBXNativeTarget;
			buildConfigurationList = B2C328E11DC1EBF80039A028 /* Build configuration list for PBXNativeTarget "DrawSomething" */;
			buildPhases = (
				B2C328CB1DC1EBF80039A028 /* Sources */,
				B2C328CC1DC1EBF80039A028 /* Frameworks */,
				B2C328CD1DC1EBF80039A028 /* Resources */,
			);
			buildRules = (
			);
			dependencies = (
			);
			name = DrawSomething;
			productName = DrawSomething;
			productReference = B2C328CF1DC1EBF80039A028 /* DrawSomething.app */;
			productType = "com.apple.product-type.application";
		};
/* End PBXNativeTarget section */

/* Begin PBXProject section */
		B2C328C71DC1EBF80039A028 /* Project object */ = {
			isa = PBXProject;
			attributes = {
				LastSwiftUpdateCheck = 0800;
				LastUpgradeCheck = 0800;
				ORGANIZATIONNAME = xcoder.solutions;
				TargetAttributes = {
					B2C328CE1DC1EBF80039A028 = {
						CreatedOnToolsVersion = 8.0;
						DevelopmentTeam = S3VXA7W346;
						ProvisioningStyle = Automatic;
					};
				};
			};
			buildConfigurationList = B2C328CA1DC1EBF80039A028 /* Build configuration list for PBXProject "DrawSomething" */;
			compatibilityVersion = "Xcode 3.2";
			developmentRegion = English;
			hasScannedForEncodings = 0;
			knownRegions = (
				en,
				Base,
			);
			mainGroup = B2C328C61DC1EBF80039A028;
			productRefGroup = B2C328D01DC1EBF80039A028 /* Products */;
			projectDirPath = "";
			projectRoot = "";
			targets = (
				B2C328CE1DC1EBF80039A028 /* DrawSomething */,
			);
		};
/* End PBXProject section */

/* Begin PBXResourcesBuildPhase section */
		B2C328CD1DC1EBF80039A028 /* Resources */ = {
			isa = PBXResourcesBuildPhase;
			buildActionMask = 2147483647;
			files = (
				B2C328DD1DC1EBF80039A028 /* LaunchScreen.storyboard in Resources */,
				B2C328DA1DC1EBF80039A028 /* Assets.xcassets in Resources */,
				B2C328D81DC1EBF80039A028 /* Main.storyboard in Resources */,
			);
			runOnlyForDeploymentPostprocessing = 0;
		};
/* End PBXResourcesBuildPhase section */

/* Begin PBXSourcesBuildPhase section */
		B2C328CB1DC1EBF80039A028 /* Sources */ = {
			isa = PBXSourcesBuildPhase;
			buildActionMask = 2147483647;
			files = (
				B2C328EC1DC2192D0039A028 /* Utils.swift in Sources */,
				B2C328D51DC1EBF80039A028 /* ViewController.swift in Sources */,
				B2C328EA1DC20E780039A028 /* ColorBezierPath.swift in Sources */,
				B2C328D31DC1EBF80039A028 /* AppDelegate.swift in Sources */,
				B2C328E51DC1EECC0039A028 /* DrawView.swift in Sources */,
			);
			runOnlyForDeploymentPostprocessing = 0;
		};
/* End PBXSourcesBuildPhase section */

/* Begin PBXVariantGroup section */
		B2C328D61DC1EBF80039A028 /* Main.storyboard */ = {
			isa = PBXVariantGroup;
			children = (
				B2C328D71DC1EBF80039A028 /* Base */,
			);
			name = Main.storyboard;
			sourceTree = "<group>";
		};
		B2C328DB1DC1EBF80039A028 /* LaunchScreen.storyboard */ = {
			isa = PBXVariantGroup;
			children = (
				B2C328DC1DC1EBF80039A028 /* Base */,
			);
			name = LaunchScreen.storyboard;
			sourceTree = "<group>";
		};
/* End PBXVariantGroup section */

/* Begin XCBuildConfiguration section */
		B2C328DF1DC1EBF80039A028 /* Debug */ = {
			isa = XCBuildConfiguration;
			buildSettings = {
				ALWAYS_SEARCH_USER_PATHS = NO;
				CLANG_ANALYZER_NONNULL = YES;
				CLANG_CXX_LANGUAGE_STANDARD = "gnu++0x";
				CLANG_CXX_LIBRARY = "libc++";
				CLANG_ENABLE_MODULES = YES;
				CLANG_ENABLE_OBJC_ARC = YES;
				CLANG_WARN_BOOL_CONVERSION = YES;
				CLANG_WARN_CONSTANT_CONVERSION = YES;
				CLANG_WARN_DIRECT_OBJC_ISA_USAGE = YES_ERROR;
				CLANG_WARN_DOCUMENTATION_COMMENTS = YES;
				CLANG_WARN_EMPTY_BODY = YES;
				CLANG_WARN_ENUM_CONVERSION = YES;
				CLANG_WARN_INFINITE_RECURSION = YES;
				CLANG_WARN_INT_CONVERSION = YES;
				CLANG_WARN_OBJC_ROOT_CLASS = YES_ERROR;
				CLANG_WARN_SUSPICIOUS_MOVES = YES;
				CLANG_WARN_UNREACHABLE_CODE = YES;
				CLANG_WARN__DUPLICATE_METHOD_MATCH = YES;
				"CODE_SIGN_IDENTITY[sdk=iphoneos*]" = "iPhone Developer";
				COPY_PHASE_STRIP = NO;
				DEBUG_INFORMATION_FORMAT = dwarf;
				ENABLE_STRICT_OBJC_MSGSEND = YES;
				ENABLE_TESTABILITY = YES;
				GCC_C_LANGUAGE_STANDARD = gnu99;
				GCC_DYNAMIC_NO_PIC = NO;
				GCC_NO_COMMON_BLOCKS = YES;
				GCC_OPTIMIZATION_LEVEL = 0;
				GCC_PREPROCESSOR_DEFINITIONS = (
					"DEBUG=1",
					"$(inherited)",
				);
				GCC_WARN_64_TO_32_BIT_CONVERSION = YES;
				GCC_WARN_ABOUT_RETURN_TYPE = YES_ERROR;
				GCC_WARN_UNDECLARED_SELECTOR = YES;
				GCC_WARN_UNINITIALIZED_AUTOS = YES_AGGRESSIVE;
				GCC_WARN_UNUSED_FUNCTION = YES;
				GCC_WARN_UNUSED_VARIABLE = YES;
				IPHONEOS_DEPLOYMENT_TARGET = 10.0;
				MTL_ENABLE_DEBUG_INFO = YES;
				ONLY_ACTIVE_ARCH = YES;
				SDKROOT = iphoneos;
				SWIFT_ACTIVE_COMPILATION_CONDITIONS = DEBUG;
				SWIFT_OPTIMIZATION_LEVEL = "-Onone";
			};
			name = Debug;
		};
		B2C328E01DC1EBF80039A028 /* Release */ = {
			isa = XCBuildConfiguration;
			buildSettings = {
				ALWAYS_SEARCH_USER_PATHS = NO;
				CLANG_ANALYZER_NONNULL = YES;
				CLANG_CXX_LANGUAGE_STANDARD = "gnu++0x";
				CLANG_CXX_LIBRARY = "libc++";
				CLANG_ENABLE_MODULES = YES;
				CLANG_ENABLE_OBJC_ARC = YES;
				CLANG_WARN_BOOL_CONVERSION = YES;
				CLANG_WARN_CONSTANT_CONVERSION = YES;
				CLANG_WARN_DIRECT_OBJC_ISA_USAGE = YES_ERROR;
				CLANG_WARN_DOCUMENTATION_COMMENTS = YES;
				CLANG_WARN_EMPTY_BODY = YES;
				CLANG_WARN_ENUM_CONVERSION = YES;
				CLANG_WARN_INFINITE_RECURSION = YES;
				CLANG_WARN_INT_CONVERSION = YES;
				CLANG_WARN_OBJC_ROOT_CLASS = YES_ERROR;
				CLANG_WARN_SUSPICIOUS_MOVES = YES;
				CLANG_WARN_UNREACHABLE_CODE = YES;
				CLANG_WARN__DUPLICATE_METHOD_MATCH = YES;
				"CODE_SIGN_IDENTITY[sdk=iphoneos*]" = "iPhone Developer";
				COPY_PHASE_STRIP = NO;
				DEBUG_INFORMATION_FORMAT = "dwarf-with-dsym";
				ENABLE_NS_ASSERTIONS = NO;
				ENABLE_STRICT_OBJC_MSGSEND = YES;
				GCC_C_LANGUAGE_STANDARD = gnu99;
				GCC_NO_COMMON_BLOCKS = YES;
				GCC_WARN_64_TO_32_BIT_CONVERSION = YES;
				GCC_WARN_ABOUT_RETURN_TYPE = YES_ERROR;
				GCC_WARN_UNDECLARED_SELECTOR = YES;
				GCC_WARN_UNINITIALIZED_AUTOS = YES_AGGRESSIVE;
				GCC_WARN_UNUSED_FUNCTION = YES;
				GCC_WARN_UNUSED_VARIABLE = YES;
				IPHONEOS_DEPLOYMENT_TARGET = 10.0;
				MTL_ENABLE_DEBUG_INFO = NO;
				SDKROOT = iphoneos;
				SWIFT_OPTIMIZATION_LEVEL = "-Owholemodule";
				VALIDATE_PRODUCT = YES;
			};
			name = Release;
		};
		B2C328E21DC1EBF80039A028 /* Debug */ = {
			isa = XCBuildConfiguration;
			buildSettings = {
				ASSETCATALOG_COMPILER_APPICON_NAME = AppIcon;
				DEVELOPMENT_TEAM = S3VXA7W346;
				INFOPLIST_FILE = DrawSomething/Info.plist;
				LD_RUNPATH_SEARCH_PATHS = "$(inherited) @executable_path/Frameworks";
				PRODUCT_BUNDLE_IDENTIFIER = xcoder.solutions.DrawSomething;
				PRODUCT_NAME = "$(TARGET_NAME)";
				SWIFT_VERSION = 3.0;
			};
			name = Debug;
		};
		B2C328E31DC1EBF80039A028 /* Release */ = {
			isa = XCBuildConfiguration;
			buildSettings = {
				ASSETCATALOG_COMPILER_APPICON_NAME = AppIcon;
				DEVELOPMENT_TEAM = S3VXA7W346;
				INFOPLIST_FILE = DrawSomething/Info.plist;
				LD_RUNPATH_SEARCH_PATHS = "$(inherited) @executable_path/Frameworks";
				PRODUCT_BUNDLE_IDENTIFIER = xcoder.solutions.DrawSomething;
				PRODUCT_NAME = "$(TARGET_NAME)";
				SWIFT_VERSION = 3.0;
			};
			name = Release;
		};
/* End XCBuildConfiguration section */

/* Begin XCConfigurationList section */
		B2C328CA1DC1EBF80039A028 /* Build configuration list for PBXProject "DrawSomething" */ = {
			isa = XCConfigurationList;
			buildConfigurations = (
				B2C328DF1DC1EBF80039A028 /* Debug */,
				B2C328E01DC1EBF80039A028 /* Release */,
			);
			defaultConfigurationIsVisible = 0;
			defaultConfigurationName = Release;
		};
		B2C328E11DC1EBF80039A028 /* Build configuration list for PBXNativeTarget "DrawSomething" */ = {
			isa = XCConfigurationList;
			buildConfigurations = (
				B2C328E21DC1EBF80039A028 /* Debug */,
				B2C328E31DC1EBF80039A028 /* Release */,
			);
			defaultConfigurationIsVisible = 0;
		};
/* End XCConfigurationList section */
	};
	rootObject = B2C328C71DC1EBF80039A028 /* Project object */;
}
