// !$*UTF8*$!
{
	archiveVersion = 1;
	classes = {
	};
	objectVersion = 46;
	objects = {

/* Begin PBXBuildFile section */
		B282F5361DABC0CE00E6E847 /* AppDelegate.swift in Sources */ = {isa = PBXBuildFile; fileRef = B282F5351DABC0CE00E6E847 /* AppDelegate.swift */; };
		B282F5381DABC0CE00E6E847 /* ViewController.swift in Sources */ = {isa = PBXBuildFile; fileRef = B282F5371DABC0CE00E6E847 /* ViewController.swift */; };
		B282F53B1DABC0CE00E6E847 /* Main.storyboard in Resources */ = {isa = PBXBuildFile; fileRef = B282F5391DABC0CE00E6E847 /* Main.storyboard */; };
		B282F53D1DABC0CE00E6E847 /* Assets.xcassets in Resources */ = {isa = PBXBuildFile; fileRef = B282F53C1DABC0CE00E6E847 /* Assets.xcassets */; };
		B282F5401DABC0CE00E6E847 /* LaunchScreen.storyboard in Resources */ = {isa = PBXBuildFile; fileRef = B282F53E1DABC0CE00E6E847 /* LaunchScreen.storyboard */; };
		B282F5491DAF617100E6E847 /* Utils.swift in Sources */ = {isa = PBXBuildFile; fileRef = B282F5481DAF617100E6E847 /* Utils.swift */; };
		B282F54B1DAF696E00E6E847 /* PanViewController.swift in Sources */ = {isa = PBXBuildFile; fileRef = B282F54A1DAF696E00E6E847 /* PanViewController.swift */; };
/* End PBXBuildFile section */

/* Begin PBXFileReference section */
		B282F5321DABC0CE00E6E847 /* GesturesProject.app */ = {isa = PBXFileReference; explicitFileType = wrapper.application; includeInIndex = 0; path = GesturesProject.app; sourceTree = BUILT_PRODUCTS_DIR; };
		B282F5351DABC0CE00E6E847 /* AppDelegate.swift */ = {isa = PBXFileReference; lastKnownFileType = sourcecode.swift; path = AppDelegate.swift; sourceTree = "<group>"; };
		B282F5371DABC0CE00E6E847 /* ViewController.swift */ = {isa = PBXFileReference; lastKnownFileType = sourcecode.swift; path = ViewController.swift; sourceTree = "<group>"; };
		B282F53A1DABC0CE00E6E847 /* Base */ = {isa = PBXFileReference; lastKnownFileType = file.storyboard; name = Base; path = Base.lproj/Main.storyboard; sourceTree = "<group>"; };
		B282F53C1DABC0CE00E6E847 /* Assets.xcassets */ = {isa = PBXFileReference; lastKnownFileType = folder.assetcatalog; path = Assets.xcassets; sourceTree = "<group>"; };
		B282F53F1DABC0CE00E6E847 /* Base */ = {isa = PBXFileReference; lastKnownFileType = file.storyboard; name = Base; path = Base.lproj/LaunchScreen.storyboard; sourceTree = "<group>"; };
		B282F5411DABC0CE00E6E847 /* Info.plist */ = {isa = PBXFileReference; lastKnownFileType = text.plist.xml; path = Info.plist; sourceTree = "<group>"; };
		B282F5481DAF617100E6E847 /* Utils.swift */ = {isa = PBXFileReference; fileEncoding = 4; lastKnownFileType = sourcecode.swift; path = Utils.swift; sourceTree = "<group>"; };
		B282F54A1DAF696E00E6E847 /* PanViewController.swift */ = {isa = PBXFileReference; fileEncoding = 4; lastKnownFileType = sourcecode.swift; path = PanViewController.swift; sourceTree = "<group>"; };
/* End PBXFileReference section */

/* Begin PBXFrameworksBuildPhase section */
		B282F52F1DABC0CE00E6E847 /* Frameworks */ = {
			isa = PBXFrameworksBuildPhase;
			buildActionMask = 2147483647;
			files = (
			);
			runOnlyForDeploymentPostprocessing = 0;
		};
/* End PBXFrameworksBuildPhase section */

/* Begin PBXGroup section */
		B282F5291DABC0CE00E6E847 = {
			isa = PBXGroup;
			children = (
				B282F5341DABC0CE00E6E847 /* GesturesProject */,
				B282F5331DABC0CE00E6E847 /* Products */,
			);
			sourceTree = "<group>";
		};
		B282F5331DABC0CE00E6E847 /* Products */ = {
			isa = PBXGroup;
			children = (
				B282F5321DABC0CE00E6E847 /* GesturesProject.app */,
			);
			name = Products;
			sourceTree = "<group>";
		};
		B282F5341DABC0CE00E6E847 /* GesturesProject */ = {
			isa = PBXGroup;
			children = (
				B282F5471DAF616200E6E847 /* helpers */,
				B282F5351DABC0CE00E6E847 /* AppDelegate.swift */,
				B282F5371DABC0CE00E6E847 /* ViewController.swift */,
				B282F54A1DAF696E00E6E847 /* PanViewController.swift */,
				B282F5391DABC0CE00E6E847 /* Main.storyboard */,
				B282F53C1DABC0CE00E6E847 /* Assets.xcassets */,
				B282F53E1DABC0CE00E6E847 /* LaunchScreen.storyboard */,
				B282F5411DABC0CE00E6E847 /* Info.plist */,
			);
			path = GesturesProject;
			sourceTree = "<group>";
		};
		B282F5471DAF616200E6E847 /* helpers */ = {
			isa = PBXGroup;
			children = (
				B282F5481DAF617100E6E847 /* Utils.swift */,
			);
			name = helpers;
			sourceTree = "<group>";
		};
/* End PBXGroup section */

/* Begin PBXNativeTarget section */
		B282F5311DABC0CE00E6E847 /* GesturesProject */ = {
			isa = PBXNativeTarget;
			buildConfigurationList = B282F5441DABC0CE00E6E847 /* Build configuration list for PBXNativeTarget "GesturesProject" */;
			buildPhases = (
				B282F52E1DABC0CE00E6E847 /* Sources */,
				B282F52F1DABC0CE00E6E847 /* Frameworks */,
				B282F5301DABC0CE00E6E847 /* Resources */,
			);
			buildRules = (
			);
			dependencies = (
			);
			name = GesturesProject;
			productName = GesturesProject;
			productReference = B282F5321DABC0CE00E6E847 /* GesturesProject.app */;
			productType = "com.apple.product-type.application";
		};
/* End PBXNativeTarget section */

/* Begin PBXProject section */
		B282F52A1DABC0CE00E6E847 /* Project object */ = {
			isa = PBXProject;
			attributes = {
				LastSwiftUpdateCheck = 0800;
				LastUpgradeCheck = 0800;
				ORGANIZATIONNAME = xcoder.solutions;
				TargetAttributes = {
					B282F5311DABC0CE00E6E847 = {
						CreatedOnToolsVersion = 8.0;
						ProvisioningStyle = Automatic;
					};
				};
			};
			buildConfigurationList = B282F52D1DABC0CE00E6E847 /* Build configuration list for PBXProject "GesturesProject" */;
			compatibilityVersion = "Xcode 3.2";
			developmentRegion = English;
			hasScannedForEncodings = 0;
			knownRegions = (
				en,
				Base,
			);
			mainGroup = B282F5291DABC0CE00E6E847;
			productRefGroup = B282F5331DABC0CE00E6E847 /* Products */;
			projectDirPath = "";
			projectRoot = "";
			targets = (
				B282F5311DABC0CE00E6E847 /* GesturesProject */,
			);
		};
/* End PBXProject section */

/* Begin PBXResourcesBuildPhase section */
		B282F5301DABC0CE00E6E847 /* Resources */ = {
			isa = PBXResourcesBuildPhase;
			buildActionMask = 2147483647;
			files = (
				B282F5401DABC0CE00E6E847 /* LaunchScreen.storyboard in Resources */,
				B282F53D1DABC0CE00E6E847 /* Assets.xcassets in Resources */,
				B282F53B1DABC0CE00E6E847 /* Main.storyboard in Resources */,
			);
			runOnlyForDeploymentPostprocessing = 0;
		};
/* End PBXResourcesBuildPhase section */

/* Begin PBXSourcesBuildPhase section */
		B282F52E1DABC0CE00E6E847 /* Sources */ = {
			isa = PBXSourcesBuildPhase;
			buildActionMask = 2147483647;
			files = (
				B282F54B1DAF696E00E6E847 /* PanViewController.swift in Sources */,
				B282F5381DABC0CE00E6E847 /* ViewController.swift in Sources */,
				B282F5361DABC0CE00E6E847 /* AppDelegate.swift in Sources */,
				B282F5491DAF617100E6E847 /* Utils.swift in Sources */,
			);
			runOnlyForDeploymentPostprocessing = 0;
		};
/* End PBXSourcesBuildPhase section */

/* Begin PBXVariantGroup section */
		B282F5391DABC0CE00E6E847 /* Main.storyboard */ = {
			isa = PBXVariantGroup;
			children = (
				B282F53A1DABC0CE00E6E847 /* Base */,
			);
			name = Main.storyboard;
			sourceTree = "<group>";
		};
		B282F53E1DABC0CE00E6E847 /* LaunchScreen.storyboard */ = {
			isa = PBXVariantGroup;
			children = (
				B282F53F1DABC0CE00E6E847 /* Base */,
			);
			name = LaunchScreen.storyboard;
			sourceTree = "<group>";
		};
/* End PBXVariantGroup section */

/* Begin XCBuildConfiguration section */
		B282F5421DABC0CE00E6E847 /* Debug */ = {
			isa = XCBuildConfiguration;
			buildSettings = {
				ALWAYS_SEARCH_USER_PATHS = NO;
				CLANG_ANALYZER_NONNULL = YES;
				CLANG_CXX_LANGUAGE_STANDARD = "gnu++0x";
				CLANG_CXX_LIBRARY = "libc++";
				CLANG_ENABLE_MODULES = YES;
				CLANG_ENABLE_OBJC_ARC = YES;
				CLANG_WARN_BOOL_CONVERSION = YES;
				CLANG_WARN_CONSTANT_CONVERSION = YES;
				CLANG_WARN_DIRECT_OBJC_ISA_USAGE = YES_ERROR;
				CLANG_WARN_DOCUMENTATION_COMMENTS = YES;
				CLANG_WARN_EMPTY_BODY = YES;
				CLANG_WARN_ENUM_CONVERSION = YES;
				CLANG_WARN_INFINITE_RECURSION = YES;
				CLANG_WARN_INT_CONVERSION = YES;
				CLANG_WARN_OBJC_ROOT_CLASS = YES_ERROR;
				CLANG_WARN_SUSPICIOUS_MOVES = YES;
				CLANG_WARN_UNREACHABLE_CODE = YES;
				CLANG_WARN__DUPLICATE_METHOD_MATCH = YES;
				"CODE_SIGN_IDENTITY[sdk=iphoneos*]" = "iPhone Developer";
				COPY_PHASE_STRIP = NO;
				DEBUG_INFORMATION_FORMAT = dwarf;
				ENABLE_STRICT_OBJC_MSGSEND = YES;
				ENABLE_TESTABILITY = YES;
				GCC_C_LANGUAGE_STANDARD = gnu99;
				GCC_DYNAMIC_NO_PIC = NO;
				GCC_NO_COMMON_BLOCKS = YES;
				GCC_OPTIMIZATION_LEVEL = 0;
				GCC_PREPROCESSOR_DEFINITIONS = (
					"DEBUG=1",
					"$(inherited)",
				);
				GCC_WARN_64_TO_32_BIT_CONVERSION = YES;
				GCC_WARN_ABOUT_RETURN_TYPE = YES_ERROR;
				GCC_WARN_UNDECLARED_SELECTOR = YES;
				GCC_WARN_UNINITIALIZED_AUTOS = YES_AGGRESSIVE;
				GCC_WARN_UNUSED_FUNCTION = YES;
				GCC_WARN_UNUSED_VARIABLE = YES;
				IPHONEOS_DEPLOYMENT_TARGET = 10.0;
				MTL_ENABLE_DEBUG_INFO = YES;
				ONLY_ACTIVE_ARCH = YES;
				SDKROOT = iphoneos;
				SWIFT_ACTIVE_COMPILATION_CONDITIONS = DEBUG;
				SWIFT_OPTIMIZATION_LEVEL = "-Onone";
			};
			name = Debug;
		};
		B282F5431DABC0CE00E6E847 /* Release */ = {
			isa = XCBuildConfiguration;
			buildSettings = {
				ALWAYS_SEARCH_USER_PATHS = NO;
				CLANG_ANALYZER_NONNULL = YES;
				CLANG_CXX_LANGUAGE_STANDARD = "gnu++0x";
				CLANG_CXX_LIBRARY = "libc++";
				CLANG_ENABLE_MODULES = YES;
				CLANG_ENABLE_OBJC_ARC = YES;
				CLANG_WARN_BOOL_CONVERSION = YES;
				CLANG_WARN_CONSTANT_CONVERSION = YES;
				CLANG_WARN_DIRECT_OBJC_ISA_USAGE = YES_ERROR;
				CLANG_WARN_DOCUMENTATION_COMMENTS = YES;
				CLANG_WARN_EMPTY_BODY = YES;
				CLANG_WARN_ENUM_CONVERSION = YES;
				CLANG_WARN_INFINITE_RECURSION = YES;
				CLANG_WARN_INT_CONVERSION = YES;
				CLANG_WARN_OBJC_ROOT_CLASS = YES_ERROR;
				CLANG_WARN_SUSPICIOUS_MOVES = YES;
				CLANG_WARN_UNREACHABLE_CODE = YES;
				CLANG_WARN__DUPLICATE_METHOD_MATCH = YES;
				"CODE_SIGN_IDENTITY[sdk=iphoneos*]" = "iPhone Developer";
				COPY_PHASE_STRIP = NO;
				DEBUG_INFORMATION_FORMAT = "dwarf-with-dsym";
				ENABLE_NS_ASSERTIONS = NO;
				ENABLE_STRICT_OBJC_MSGSEND = YES;
				GCC_C_LANGUAGE_STANDARD = gnu99;
				GCC_NO_COMMON_BLOCKS = YES;
				GCC_WARN_64_TO_32_BIT_CONVERSION = YES;
				GCC_WARN_ABOUT_RETURN_TYPE = YES_ERROR;
				GCC_WARN_UNDECLARED_SELECTOR = YES;
				GCC_WARN_UNINITIALIZED_AUTOS = YES_AGGRESSIVE;
				GCC_WARN_UNUSED_FUNCTION = YES;
				GCC_WARN_UNUSED_VARIABLE = YES;
				IPHONEOS_DEPLOYMENT_TARGET = 10.0;
				MTL_ENABLE_DEBUG_INFO = NO;
				SDKROOT = iphoneos;
				SWIFT_OPTIMIZATION_LEVEL = "-Owholemodule";
				VALIDATE_PRODUCT = YES;
			};
			name = Release;
		};
		B282F5451DABC0CE00E6E847 /* Debug */ = {
			isa = XCBuildConfiguration;
			buildSettings = {
				ASSETCATALOG_COMPILER_APPICON_NAME = AppIcon;
				INFOPLIST_FILE = GesturesProject/Info.plist;
				LD_RUNPATH_SEARCH_PATHS = "$(inherited) @executable_path/Frameworks";
				PRODUCT_BUNDLE_IDENTIFIER = xcoder.solutions.GesturesProject;
				PRODUCT_NAME = "$(TARGET_NAME)";
				SWIFT_VERSION = 3.0;
			};
			name = Debug;
		};
		B282F5461DABC0CE00E6E847 /* Release */ = {
			isa = XCBuildConfiguration;
			buildSettings = {
				ASSETCATALOG_COMPILER_APPICON_NAME = AppIcon;
				INFOPLIST_FILE = GesturesProject/Info.plist;
				LD_RUNPATH_SEARCH_PATHS = "$(inherited) @executable_path/Frameworks";
				PRODUCT_BUNDLE_IDENTIFIER = xcoder.solutions.GesturesProject;
				PRODUCT_NAME = "$(TARGET_NAME)";
				SWIFT_VERSION = 3.0;
			};
			name = Release;
		};
/* End XCBuildConfiguration section */

/* Begin XCConfigurationList section */
		B282F52D1DABC0CE00E6E847 /* Build configuration list for PBXProject "GesturesProject" */ = {
			isa = XCConfigurationList;
			buildConfigurations = (
				B282F5421DABC0CE00E6E847 /* Debug */,
				B282F5431DABC0CE00E6E847 /* Release */,
			);
			defaultConfigurationIsVisible = 0;
			defaultConfigurationName = Release;
		};
		B282F5441DABC0CE00E6E847 /* Build configuration list for PBXNativeTarget "GesturesProject" */ = {
			isa = XCConfigurationList;
			buildConfigurations = (
				B282F5451DABC0CE00E6E847 /* Debug */,
				B282F5461DABC0CE00E6E847 /* Release */,
			);
			defaultConfigurationIsVisible = 0;
			defaultConfigurationName = Release;
		};
/* End XCConfigurationList section */
	};
	rootObject = B282F52A1DABC0CE00E6E847 /* Project object */;
}
